// !$*UTF8*$!
{
	archiveVersion = 1;
	classes = {
	};
	objectVersion = 46;
	objects = {

/* Begin PBXBuildFile section */
		9D3B71BC1ABAD486001DAA86 /* kien.jpg in Resources */ = {isa = PBXBuildFile; fileRef = 9D3B71BB1ABAD486001DAA86 /* kien.jpg */; };
		9D3B71BE1ABAD529001DAA86 /* icon-180.png in Resources */ = {isa = PBXBuildFile; fileRef = 9D3B71BD1ABAD529001DAA86 /* icon-180.png */; };
		A41EB1191ABBF59D001BB355 /* ChatDialogTableViewCell.swift in Sources */ = {isa = PBXBuildFile; fileRef = A41EB1181ABBF59D001BB355 /* ChatDialogTableViewCell.swift */; };
		A41EB11B1ABBF5C1001BB355 /* ChatDialogTableViewController.swift in Sources */ = {isa = PBXBuildFile; fileRef = A41EB11A1ABBF5C0001BB355 /* ChatDialogTableViewController.swift */; };
		A43CD78A1AB6C9AF00554A23 /* LocalStorageService.m in Sources */ = {isa = PBXBuildFile; fileRef = A43CD7891AB6C9AF00554A23 /* LocalStorageService.m */; };
		A43CD78D1AB6CCF600554A23 /* FriendListViewController.swift in Sources */ = {isa = PBXBuildFile; fileRef = A43CD78C1AB6CCF600554A23 /* FriendListViewController.swift */; };
		A4606B8D1AB6E4A200AD74B4 /* libz.dylib in Frameworks */ = {isa = PBXBuildFile; fileRef = A4606B8B1AB6E48800AD74B4 /* libz.dylib */; };
		A4606B901AB6E4B400AD74B4 /* Security.framework in Frameworks */ = {isa = PBXBuildFile; fileRef = A4606B8E1AB6E4A900AD74B4 /* Security.framework */; };
		A4606B921AB6E4C200AD74B4 /* MapKit.framework in Frameworks */ = {isa = PBXBuildFile; fileRef = A4606B911AB6E4C200AD74B4 /* MapKit.framework */; };
		A4606B951AB6ED3200AD74B4 /* MapPin.swift in Sources */ = {isa = PBXBuildFile; fileRef = A4606B941AB6ED3200AD74B4 /* MapPin.swift */; };
		A4606B981AB6EFBD00AD74B4 /* SSLMapPin.m in Sources */ = {isa = PBXBuildFile; fileRef = A4606B971AB6EFBD00AD74B4 /* SSLMapPin.m */; };
		A4606B9D1AB70EFB00AD74B4 /* MyCustomAnnotation.swift in Sources */ = {isa = PBXBuildFile; fileRef = A4606B9C1AB70EFA00AD74B4 /* MyCustomAnnotation.swift */; };
		A468208A1AB863B6006EAD74 /* ChatViewController.swift in Sources */ = {isa = PBXBuildFile; fileRef = A46820891AB863B6006EAD74 /* ChatViewController.swift */; };
		A468208D1AB8666A006EAD74 /* ChatService.m in Sources */ = {isa = PBXBuildFile; fileRef = A468208C1AB8666A006EAD74 /* ChatService.m */; };
		A46820921AB86BD3006EAD74 /* ChatMessageTableViewCell.m in Sources */ = {isa = PBXBuildFile; fileRef = A46820911AB86BD3006EAD74 /* ChatMessageTableViewCell.m */; };
		A46E917E1AB6A68900A7BDD9 /* Quickblox.framework in Frameworks */ = {isa = PBXBuildFile; fileRef = A46E916D1AB6A68900A7BDD9 /* Quickblox.framework */; };
		A46E91941AB6A7E600A7BDD9 /* libz.1.2.5.dylib in Frameworks */ = {isa = PBXBuildFile; fileRef = A46E91931AB6A7E600A7BDD9 /* libz.1.2.5.dylib */; };
		A46E91961AB6A7EB00A7BDD9 /* Foundation.framework in Frameworks */ = {isa = PBXBuildFile; fileRef = A46E91951AB6A7EB00A7BDD9 /* Foundation.framework */; };
		A46E91981AB6A7F600A7BDD9 /* CFNetwork.framework in Frameworks */ = {isa = PBXBuildFile; fileRef = A46E91971AB6A7F600A7BDD9 /* CFNetwork.framework */; };
		A46E919A1AB6A7FC00A7BDD9 /* SystemConfiguration.framework in Frameworks */ = {isa = PBXBuildFile; fileRef = A46E91991AB6A7FC00A7BDD9 /* SystemConfiguration.framework */; };
		A46E919C1AB6A80200A7BDD9 /* MobileCoreServices.framework in Frameworks */ = {isa = PBXBuildFile; fileRef = A46E919B1AB6A80200A7BDD9 /* MobileCoreServices.framework */; };
		A46E919E1AB6A80700A7BDD9 /* CoreGraphics.framework in Frameworks */ = {isa = PBXBuildFile; fileRef = A46E919D1AB6A80700A7BDD9 /* CoreGraphics.framework */; };
		A46E91A01AB6A80C00A7BDD9 /* CoreLocation.framework in Frameworks */ = {isa = PBXBuildFile; fileRef = A46E919F1AB6A80C00A7BDD9 /* CoreLocation.framework */; };
		A46E91A21AB6A81200A7BDD9 /* CoreData.framework in Frameworks */ = {isa = PBXBuildFile; fileRef = A46E91A11AB6A81200A7BDD9 /* CoreData.framework */; };
		A46E91A41AB6A81700A7BDD9 /* AudioToolbox.framework in Frameworks */ = {isa = PBXBuildFile; fileRef = A46E91A31AB6A81700A7BDD9 /* AudioToolbox.framework */; };
		A46E91A61AB6A81D00A7BDD9 /* CoreMedia.framework in Frameworks */ = {isa = PBXBuildFile; fileRef = A46E91A51AB6A81D00A7BDD9 /* CoreMedia.framework */; };
		A46E91A81AB6A82100A7BDD9 /* Accelerate.framework in Frameworks */ = {isa = PBXBuildFile; fileRef = A46E91A71AB6A82100A7BDD9 /* Accelerate.framework */; };
		A46E91AA1AB6A82700A7BDD9 /* CoreVideo.framework in Frameworks */ = {isa = PBXBuildFile; fileRef = A46E91A91AB6A82700A7BDD9 /* CoreVideo.framework */; };
		A46E91AC1AB6A82C00A7BDD9 /* AVFoundation.framework in Frameworks */ = {isa = PBXBuildFile; fileRef = A46E91AB1AB6A82C00A7BDD9 /* AVFoundation.framework */; };
		A46E91AE1AB6A83100A7BDD9 /* QuartzCore.framework in Frameworks */ = {isa = PBXBuildFile; fileRef = A46E91AD1AB6A83100A7BDD9 /* QuartzCore.framework */; };
		A46E91B41AB6A84300A7BDD9 /* libresolv.dylib in Frameworks */ = {isa = PBXBuildFile; fileRef = A46E91B31AB6A84300A7BDD9 /* libresolv.dylib */; };
		A46E91B61AB6A84900A7BDD9 /* libxml2.dylib in Frameworks */ = {isa = PBXBuildFile; fileRef = A46E91B51AB6A84900A7BDD9 /* libxml2.dylib */; };
		A46E91B91AB6A89E00A7BDD9 /* SignupViewController.swift in Sources */ = {isa = PBXBuildFile; fileRef = A46E91B81AB6A89E00A7BDD9 /* SignupViewController.swift */; };
		A46E91BD1AB6B62A00A7BDD9 /* MBProgressHUD.m in Sources */ = {isa = PBXBuildFile; fileRef = A46E91BC1AB6B62A00A7BDD9 /* MBProgressHUD.m */; };
		A488882D1AB73BB8008EBF92 /* NMPaginator.m in Sources */ = {isa = PBXBuildFile; fileRef = A488882C1AB73BB8008EBF92 /* NMPaginator.m */; };
		A48888341AB73FD4008EBF92 /* UsersPaginator.m in Sources */ = {isa = PBXBuildFile; fileRef = A48888321AB73FD4008EBF92 /* UsersPaginator.m */; };
		A48888361AB75660008EBF92 /* FriendListTableViewController.swift in Sources */ = {isa = PBXBuildFile; fileRef = A48888351AB75660008EBF92 /* FriendListTableViewController.swift */; };
		A495B6331AB92FD200DF3FA5 /* RootViewController.swift in Sources */ = {isa = PBXBuildFile; fileRef = A495B6321AB92FD200DF3FA5 /* RootViewController.swift */; };
		A49A02711AE13DA10062A13F /* UserList.swift in Sources */ = {isa = PBXBuildFile; fileRef = A49A02701AE13DA10062A13F /* UserList.swift */; };
		A49A02731AE13DBC0062A13F /* User.swift in Sources */ = {isa = PBXBuildFile; fileRef = A49A02721AE13DBC0062A13F /* User.swift */; };
		A49BD5491AB9664A00E23A38 /* LaunchScreen.xib in Resources */ = {isa = PBXBuildFile; fileRef = A49BD5481AB9664A00E23A38 /* LaunchScreen.xib */; };
		A4DC84BE1AEC875200E08E63 /* menu_event.png in Resources */ = {isa = PBXBuildFile; fileRef = A4DC84B71AEC875200E08E63 /* menu_event.png */; };
		A4DC84BF1AEC875200E08E63 /* menu_home.png in Resources */ = {isa = PBXBuildFile; fileRef = A4DC84B81AEC875200E08E63 /* menu_home.png */; };
		A4DC84C01AEC875200E08E63 /* menu_logout.png in Resources */ = {isa = PBXBuildFile; fileRef = A4DC84B91AEC875200E08E63 /* menu_logout.png */; };
		A4DC84C11AEC875200E08E63 /* menu_message.png in Resources */ = {isa = PBXBuildFile; fileRef = A4DC84BA1AEC875200E08E63 /* menu_message.png */; };
		A4DC84C21AEC875200E08E63 /* menu_notification.png in Resources */ = {isa = PBXBuildFile; fileRef = A4DC84BB1AEC875200E08E63 /* menu_notification.png */; };
		A4DC84C31AEC875200E08E63 /* menu_profile.png in Resources */ = {isa = PBXBuildFile; fileRef = A4DC84BC1AEC875200E08E63 /* menu_profile.png */; };
		A4DC84C61AEC8ACE00E08E63 /* menu_support.png in Resources */ = {isa = PBXBuildFile; fileRef = A4DC84C51AEC8ACE00E08E63 /* menu_support.png */; };
		A4DC84C91AEC8CA000E08E63 /* EventImage.swift in Sources */ = {isa = PBXBuildFile; fileRef = A4DC84C81AEC8CA000E08E63 /* EventImage.swift */; };
		A4DC84CB1AEC8E3900E08E63 /* userIcon.png in Resources */ = {isa = PBXBuildFile; fileRef = A4DC84CA1AEC8E3900E08E63 /* userIcon.png */; };
		A4DC84D51AEC9A2100E08E63 /* menu.png in Resources */ = {isa = PBXBuildFile; fileRef = A4DC84D41AEC9A2100E08E63 /* menu.png */; };
		A4DC84D81AEC9EBE00E08E63 /* Notification.swift in Sources */ = {isa = PBXBuildFile; fileRef = A4DC84D71AEC9EBE00E08E63 /* Notification.swift */; };
		A4DC84DA1AECB7C400E08E63 /* addBtn.png in Resources */ = {isa = PBXBuildFile; fileRef = A4DC84D91AECB7C400E08E63 /* addBtn.png */; };
		A4E0DEE31AE8B1BC002A7808 /* aqua.png in Resources */ = {isa = PBXBuildFile; fileRef = A4E0DEE21AE8B1BC002A7808 /* aqua.png */; };
		A4E0DEE51AE8B28C002A7808 /* orange.png in Resources */ = {isa = PBXBuildFile; fileRef = A4E0DEE41AE8B28C002A7808 /* orange.png */; };
		A4E2E5B51ABAC08500A1A745 /* CheckinViewController.swift in Sources */ = {isa = PBXBuildFile; fileRef = A4E2E5B41ABAC08500A1A745 /* CheckinViewController.swift */; };
		A4E2E5B71ABAF36B00A1A745 /* bg.jpg in Resources */ = {isa = PBXBuildFile; fileRef = A4E2E5B61ABAF36B00A1A745 /* bg.jpg */; };
		A4EDB5B61ABD599B00CDEB7C /* ProfileTableViewController.swift in Sources */ = {isa = PBXBuildFile; fileRef = A4EDB5B51ABD599B00CDEB7C /* ProfileTableViewController.swift */; };
		A4EDB5B91ABD685C00CDEB7C /* EventTableViewController.swift in Sources */ = {isa = PBXBuildFile; fileRef = A4EDB5B81ABD685C00CDEB7C /* EventTableViewController.swift */; };
		A4EDB5BB1ABD691B00CDEB7C /* EventTableViewCell.swift in Sources */ = {isa = PBXBuildFile; fileRef = A4EDB5BA1ABD691B00CDEB7C /* EventTableViewCell.swift */; };
		A4EDB5DB1ABE748400CDEB7C /* EventDetailTableViewController.swift in Sources */ = {isa = PBXBuildFile; fileRef = A4EDB5DA1ABE748400CDEB7C /* EventDetailTableViewController.swift */; };
		A4EDB5DF1ABE757300CDEB7C /* placeholder9.png in Resources */ = {isa = PBXBuildFile; fileRef = A4EDB5DE1ABE757300CDEB7C /* placeholder9.png */; };
		A4F1F89E1AE34E9D007167D2 /* CreateNewEventTableViewController.swift in Sources */ = {isa = PBXBuildFile; fileRef = A4F1F89D1AE34E9D007167D2 /* CreateNewEventTableViewController.swift */; };
		A4F1F8A01AE35DD3007167D2 /* EventImageController.swift in Sources */ = {isa = PBXBuildFile; fileRef = A4F1F89F1AE35DD3007167D2 /* EventImageController.swift */; };
		A4F1F8A21AE35F04007167D2 /* EventTypeTableViewCell.swift in Sources */ = {isa = PBXBuildFile; fileRef = A4F1F8A11AE35F03007167D2 /* EventTypeTableViewCell.swift */; };
		A4F1F8C81AE3832C007167D2 /* AddParticipantTableViewCell.swift in Sources */ = {isa = PBXBuildFile; fileRef = A4F1F8C61AE3832C007167D2 /* AddParticipantTableViewCell.swift */; };
		A4F1F8C91AE3832C007167D2 /* AddParticipantTableViewCell.xib in Resources */ = {isa = PBXBuildFile; fileRef = A4F1F8C71AE3832C007167D2 /* AddParticipantTableViewCell.xib */; };
		A4F1F8CC1AE386C6007167D2 /* UserInvitedTableViewCell.swift in Sources */ = {isa = PBXBuildFile; fileRef = A4F1F8CA1AE386C6007167D2 /* UserInvitedTableViewCell.swift */; };
		A4F1F8CD1AE386C6007167D2 /* UserInvitedTableViewCell.xib in Resources */ = {isa = PBXBuildFile; fileRef = A4F1F8CB1AE386C6007167D2 /* UserInvitedTableViewCell.xib */; };
		A4F1F8D11AE388D8007167D2 /* StaticDataTableViewController.m in Sources */ = {isa = PBXBuildFile; fileRef = A4F1F8D01AE388D8007167D2 /* StaticDataTableViewController.m */; };
		A4F1F8D31AE3A793007167D2 /* line.png in Resources */ = {isa = PBXBuildFile; fileRef = A4F1F8D21AE3A793007167D2 /* line.png */; };
		A4F1F8D71AE3B2A9007167D2 /* UserListViewController.swift in Sources */ = {isa = PBXBuildFile; fileRef = A4F1F8D61AE3B2A9007167D2 /* UserListViewController.swift */; };
		A4F1F8D91AE3B364007167D2 /* UserTableViewCell.swift in Sources */ = {isa = PBXBuildFile; fileRef = A4F1F8D81AE3B364007167D2 /* UserTableViewCell.swift */; };
		A4FA40D11AE6589D009FC257 /* ChatUserViewController.swift in Sources */ = {isa = PBXBuildFile; fileRef = A4FA40D01AE6589D009FC257 /* ChatUserViewController.swift */; };
		A4FA40D31AE660F1009FC257 /* UserChatCell.swift in Sources */ = {isa = PBXBuildFile; fileRef = A4FA40D21AE660F1009FC257 /* UserChatCell.swift */; };
		A4FAB6FB1AB422A3007047A7 /* AppDelegate.swift in Sources */ = {isa = PBXBuildFile; fileRef = A4FAB6FA1AB422A3007047A7 /* AppDelegate.swift */; };
		A4FAB6FD1AB422A3007047A7 /* ViewController.swift in Sources */ = {isa = PBXBuildFile; fileRef = A4FAB6FC1AB422A3007047A7 /* ViewController.swift */; };
		A4FAB7001AB422A3007047A7 /* Main.storyboard in Resources */ = {isa = PBXBuildFile; fileRef = A4FAB6FE1AB422A3007047A7 /* Main.storyboard */; };
		A4FAB7021AB422A3007047A7 /* Images.xcassets in Resources */ = {isa = PBXBuildFile; fileRef = A4FAB7011AB422A3007047A7 /* Images.xcassets */; };
		A4FAB7111AB422A3007047A7 /* Find_My_FriendsTests.swift in Sources */ = {isa = PBXBuildFile; fileRef = A4FAB7101AB422A3007047A7 /* Find_My_FriendsTests.swift */; };
		A4FAB71F1AB4237D007047A7 /* SWRevealViewController.m in Sources */ = {isa = PBXBuildFile; fileRef = A4FAB71E1AB4237D007047A7 /* SWRevealViewController.m */; };
		A4FAB7211AB4245B007047A7 /* MenuViewController.swift in Sources */ = {isa = PBXBuildFile; fileRef = A4FAB7201AB4245B007047A7 /* MenuViewController.swift */; };
		A4FAB7281AB42C10007047A7 /* LoginViewController.swift in Sources */ = {isa = PBXBuildFile; fileRef = A4FAB7271AB42C10007047A7 /* LoginViewController.swift */; };
		A4FAB7371AB42F4A007047A7 /* Util.swift in Sources */ = {isa = PBXBuildFile; fileRef = A4FAB7361AB42F4A007047A7 /* Util.swift */; };
		A4FB84971AEB3B1500BD3783 /* SSMPushMessage.m in Sources */ = {isa = PBXBuildFile; fileRef = A4FB84961AEB3B1500BD3783 /* SSMPushMessage.m */; };
		D22DD3F21AEBF9DB00CECBC2 /* blue.jpg in Resources */ = {isa = PBXBuildFile; fileRef = D22DD3F11AEBF9DB00CECBC2 /* blue.jpg */; };
		D232C46F1AEB8E5B00A93E42 /* AboutUsController.swift in Sources */ = {isa = PBXBuildFile; fileRef = D232C46E1AEB8E5B00A93E42 /* AboutUsController.swift */; };
		D232C4711AEB974200A93E42 /* UserMapTableViewCell.swift in Sources */ = {isa = PBXBuildFile; fileRef = D232C4701AEB974200A93E42 /* UserMapTableViewCell.swift */; };
		D24567911AECCD2F0020719E /* EventCollectionViewCell.swift in Sources */ = {isa = PBXBuildFile; fileRef = D24567901AECCD2F0020719E /* EventCollectionViewCell.swift */; };
		D24567C01AECD00D0020719E /* e_art.png in Resources */ = {isa = PBXBuildFile; fileRef = D24567931AECD00C0020719E /* e_art.png */; };
		D24567C11AECD00D0020719E /* e_boat.png in Resources */ = {isa = PBXBuildFile; fileRef = D24567941AECD00C0020719E /* e_boat.png */; };
		D24567C21AECD00D0020719E /* e_bussiness.png in Resources */ = {isa = PBXBuildFile; fileRef = D24567951AECD00C0020719E /* e_bussiness.png */; };
		D24567C31AECD00D0020719E /* e_buying.png in Resources */ = {isa = PBXBuildFile; fileRef = D24567961AECD00C0020719E /* e_buying.png */; };
		D24567C41AECD00D0020719E /* e_camp.png in Resources */ = {isa = PBXBuildFile; fileRef = D24567971AECD00C0020719E /* e_camp.png */; };
		D24567C51AECD00D0020719E /* e_cinema.png in Resources */ = {isa = PBXBuildFile; fileRef = D24567981AECD00C0020719E /* e_cinema.png */; };
		D24567C61AECD00D0020719E /* e_cycle.png in Resources */ = {isa = PBXBuildFile; fileRef = D24567991AECD00C0020719E /* e_cycle.png */; };
		D24567C71AECD00D0020719E /* e_game.png in Resources */ = {isa = PBXBuildFile; fileRef = D245679A1AECD00D0020719E /* e_game.png */; };
		D24567C81AECD00D0020719E /* e_gamecomputer.png in Resources */ = {isa = PBXBuildFile; fileRef = D245679B1AECD00D0020719E /* e_gamecomputer.png */; };
		D24567C91AECD00D0020719E /* e_heart.png in Resources */ = {isa = PBXBuildFile; fileRef = D245679C1AECD00D0020719E /* e_heart.png */; };
		D24567CA1AECD00D0020719E /* e_helicopter.png in Resources */ = {isa = PBXBuildFile; fileRef = D245679D1AECD00D0020719E /* e_helicopter.png */; };
		D24567CB1AECD00D0020719E /* e_hotair.png in Resources */ = {isa = PBXBuildFile; fileRef = D245679E1AECD00D0020719E /* e_hotair.png */; };
		D24567CC1AECD00D0020719E /* e_learning.png in Resources */ = {isa = PBXBuildFile; fileRef = D245679F1AECD00D0020719E /* e_learning.png */; };
		D24567CD1AECD00D0020719E /* e_magicwand.png in Resources */ = {isa = PBXBuildFile; fileRef = D24567A01AECD00D0020719E /* e_magicwand.png */; };
		D24567CE1AECD00D0020719E /* e_magnifyingglass.png in Resources */ = {isa = PBXBuildFile; fileRef = D24567A11AECD00D0020719E /* e_magnifyingglass.png */; };
		D24567CF1AECD00D0020719E /* e_map.png in Resources */ = {isa = PBXBuildFile; fileRef = D24567A21AECD00D0020719E /* e_map.png */; };
		D24567D01AECD00D0020719E /* e_math.png in Resources */ = {isa = PBXBuildFile; fileRef = D24567A31AECD00D0020719E /* e_math.png */; };
		D24567D11AECD00D0020719E /* e_mic.png in Resources */ = {isa = PBXBuildFile; fileRef = D24567A41AECD00D0020719E /* e_mic.png */; };
		D24567D21AECD00D0020719E /* e_money.png in Resources */ = {isa = PBXBuildFile; fileRef = D24567A51AECD00D0020719E /* e_money.png */; };
		D24567D31AECD00D0020719E /* e_motorcycle.png in Resources */ = {isa = PBXBuildFile; fileRef = D24567A61AECD00D0020719E /* e_motorcycle.png */; };
		D24567D41AECD00D0020719E /* e_movie.png in Resources */ = {isa = PBXBuildFile; fileRef = D24567A71AECD00D0020719E /* e_movie.png */; };
		D24567D51AECD00D0020719E /* e_music.png in Resources */ = {isa = PBXBuildFile; fileRef = D24567A81AECD00D0020719E /* e_music.png */; };
		D24567D61AECD00D0020719E /* e_news.png in Resources */ = {isa = PBXBuildFile; fileRef = D24567A91AECD00D0020719E /* e_news.png */; };
		D24567D71AECD00D0020719E /* e_paint.png in Resources */ = {isa = PBXBuildFile; fileRef = D24567AA1AECD00D0020719E /* e_paint.png */; };
		D24567D81AECD00D0020719E /* e_paintcan.png in Resources */ = {isa = PBXBuildFile; fileRef = D24567AB1AECD00D0020719E /* e_paintcan.png */; };
		D24567D91AECD00D0020719E /* e_pencil.png in Resources */ = {isa = PBXBuildFile; fileRef = D24567AC1AECD00D0020719E /* e_pencil.png */; };
		D24567DA1AECD00D0020719E /* e_phuot.png in Resources */ = {isa = PBXBuildFile; fileRef = D24567AD1AECD00D0020719E /* e_phuot.png */; };
		D24567DB1AECD00D0020719E /* e_plane.png in Resources */ = {isa = PBXBuildFile; fileRef = D24567AE1AECD00D0020719E /* e_plane.png */; };
		D24567DC1AECD00D0020719E /* e_poker.png in Resources */ = {isa = PBXBuildFile; fileRef = D24567AF1AECD00D0020719E /* e_poker.png */; };
		D24567DD1AECD00D0020719E /* e_present.png in Resources */ = {isa = PBXBuildFile; fileRef = D24567B01AECD00D0020719E /* e_present.png */; };
		D24567DE1AECD00D0020719E /* e_programming.png in Resources */ = {isa = PBXBuildFile; fileRef = D24567B11AECD00D0020719E /* e_programming.png */; };
		D24567DF1AECD00D0020719E /* e_racingflags.png in Resources */ = {isa = PBXBuildFile; fileRef = D24567B21AECD00D0020719E /* e_racingflags.png */; };
		D24567E01AECD00D0020719E /* e_running.png in Resources */ = {isa = PBXBuildFile; fileRef = D24567B31AECD00D0020719E /* e_running.png */; };
		D24567E11AECD00D0020719E /* e_sailboat.png in Resources */ = {isa = PBXBuildFile; fileRef = D24567B41AECD00D0020719E /* e_sailboat.png */; };
		D24567E21AECD00D0020719E /* e_schooolbus.png in Resources */ = {isa = PBXBuildFile; fileRef = D24567B51AECD00D0020719E /* e_schooolbus.png */; };
		D24567E31AECD00D0020719E /* e_scooter.png in Resources */ = {isa = PBXBuildFile; fileRef = D24567B61AECD00D0020719E /* e_scooter.png */; };
		D24567E41AECD00D0020719E /* e_selffie.png in Resources */ = {isa = PBXBuildFile; fileRef = D24567B71AECD00D0020719E /* e_selffie.png */; };
		D24567E51AECD00D0020719E /* e_shoeprints.png in Resources */ = {isa = PBXBuildFile; fileRef = D24567B81AECD00D0020719E /* e_shoeprints.png */; };
		D24567E61AECD00D0020719E /* e_shopping.png in Resources */ = {isa = PBXBuildFile; fileRef = D24567B91AECD00D0020719E /* e_shopping.png */; };
		D24567E71AECD00D0020719E /* e_skateboard.png in Resources */ = {isa = PBXBuildFile; fileRef = D24567BA1AECD00D0020719E /* e_skateboard.png */; };
		D24567E81AECD00D0020719E /* e_spaceshuttle.png in Resources */ = {isa = PBXBuildFile; fileRef = D24567BB1AECD00D0020719E /* e_spaceshuttle.png */; };
		D24567E91AECD00D0020719E /* e_stockmarket.png in Resources */ = {isa = PBXBuildFile; fileRef = D24567BC1AECD00D0020719E /* e_stockmarket.png */; };
		D24567EA1AECD00D0020719E /* e_tractor.png in Resources */ = {isa = PBXBuildFile; fileRef = D24567BD1AECD00D0020719E /* e_tractor.png */; };
		D24567EB1AECD00D0020719E /* e_train.png in Resources */ = {isa = PBXBuildFile; fileRef = D24567BE1AECD00D0020719E /* e_train.png */; };
		D24567EC1AECD00D0020719E /* e_unicycle.png in Resources */ = {isa = PBXBuildFile; fileRef = D24567BF1AECD00D0020719E /* e_unicycle.png */; };
		D24567EE1AECDACF0020719E /* e_default.jpg in Resources */ = {isa = PBXBuildFile; fileRef = D24567ED1AECDACF0020719E /* e_default.jpg */; };
/* End PBXBuildFile section */

/* Begin PBXContainerItemProxy section */
		A4FAB70B1AB422A3007047A7 /* PBXContainerItemProxy */ = {
			isa = PBXContainerItemProxy;
			containerPortal = A4FAB6ED1AB422A3007047A7 /* Project object */;
			proxyType = 1;
			remoteGlobalIDString = A4FAB6F41AB422A3007047A7;
			remoteInfo = "Find My Friends";
		};
/* End PBXContainerItemProxy section */

/* Begin PBXFileReference section */
		9D3B71BB1ABAD486001DAA86 /* kien.jpg */ = {isa = PBXFileReference; lastKnownFileType = image.jpeg; path = kien.jpg; sourceTree = "<group>"; };
		9D3B71BD1ABAD529001DAA86 /* icon-180.png */ = {isa = PBXFileReference; lastKnownFileType = image.png; name = "icon-180.png"; path = "Find My Friends/Images.xcassets/AppIcon.appiconset/icon-180.png"; sourceTree = "<group>"; };
		A41EB1181ABBF59D001BB355 /* ChatDialogTableViewCell.swift */ = {isa = PBXFileReference; fileEncoding = 4; lastKnownFileType = sourcecode.swift; path = ChatDialogTableViewCell.swift; sourceTree = "<group>"; };
		A41EB11A1ABBF5C0001BB355 /* ChatDialogTableViewController.swift */ = {isa = PBXFileReference; fileEncoding = 4; lastKnownFileType = sourcecode.swift; path = ChatDialogTableViewController.swift; sourceTree = "<group>"; };
		A43CD7881AB6C9AF00554A23 /* LocalStorageService.h */ = {isa = PBXFileReference; fileEncoding = 4; lastKnownFileType = sourcecode.c.h; path = LocalStorageService.h; sourceTree = "<group>"; };
		A43CD7891AB6C9AF00554A23 /* LocalStorageService.m */ = {isa = PBXFileReference; fileEncoding = 4; lastKnownFileType = sourcecode.c.objc; path = LocalStorageService.m; sourceTree = "<group>"; };
		A43CD78C1AB6CCF600554A23 /* FriendListViewController.swift */ = {isa = PBXFileReference; fileEncoding = 4; lastKnownFileType = sourcecode.swift; path = FriendListViewController.swift; sourceTree = "<group>"; };
		A4606B8B1AB6E48800AD74B4 /* libz.dylib */ = {isa = PBXFileReference; lastKnownFileType = "compiled.mach-o.dylib"; name = libz.dylib; path = usr/lib/libz.dylib; sourceTree = SDKROOT; };
		A4606B8E1AB6E4A900AD74B4 /* Security.framework */ = {isa = PBXFileReference; lastKnownFileType = wrapper.framework; name = Security.framework; path = System/Library/Frameworks/Security.framework; sourceTree = SDKROOT; };
		A4606B911AB6E4C200AD74B4 /* MapKit.framework */ = {isa = PBXFileReference; lastKnownFileType = wrapper.framework; name = MapKit.framework; path = System/Library/Frameworks/MapKit.framework; sourceTree = SDKROOT; };
		A4606B941AB6ED3200AD74B4 /* MapPin.swift */ = {isa = PBXFileReference; fileEncoding = 4; lastKnownFileType = sourcecode.swift; path = MapPin.swift; sourceTree = "<group>"; };
		A4606B961AB6EFBD00AD74B4 /* SSLMapPin.h */ = {isa = PBXFileReference; fileEncoding = 4; lastKnownFileType = sourcecode.c.h; path = SSLMapPin.h; sourceTree = "<group>"; };
		A4606B971AB6EFBD00AD74B4 /* SSLMapPin.m */ = {isa = PBXFileReference; fileEncoding = 4; lastKnownFileType = sourcecode.c.objc; path = SSLMapPin.m; sourceTree = "<group>"; };
		A4606B9C1AB70EFA00AD74B4 /* MyCustomAnnotation.swift */ = {isa = PBXFileReference; fileEncoding = 4; lastKnownFileType = sourcecode.swift; path = MyCustomAnnotation.swift; sourceTree = "<group>"; };
		A46820891AB863B6006EAD74 /* ChatViewController.swift */ = {isa = PBXFileReference; fileEncoding = 4; lastKnownFileType = sourcecode.swift; path = ChatViewController.swift; sourceTree = "<group>"; };
		A468208B1AB8666A006EAD74 /* ChatService.h */ = {isa = PBXFileReference; fileEncoding = 4; lastKnownFileType = sourcecode.c.h; path = ChatService.h; sourceTree = "<group>"; };
		A468208C1AB8666A006EAD74 /* ChatService.m */ = {isa = PBXFileReference; fileEncoding = 4; lastKnownFileType = sourcecode.c.objc; path = ChatService.m; sourceTree = "<group>"; };
		A46820901AB86BD3006EAD74 /* ChatMessageTableViewCell.h */ = {isa = PBXFileReference; fileEncoding = 4; lastKnownFileType = sourcecode.c.h; path = ChatMessageTableViewCell.h; sourceTree = "<group>"; };
		A46820911AB86BD3006EAD74 /* ChatMessageTableViewCell.m */ = {isa = PBXFileReference; fileEncoding = 4; lastKnownFileType = sourcecode.c.objc; path = ChatMessageTableViewCell.m; sourceTree = "<group>"; };
		A46E916D1AB6A68900A7BDD9 /* Quickblox.framework */ = {isa = PBXFileReference; lastKnownFileType = wrapper.framework; path = Quickblox.framework; sourceTree = "<group>"; };
		A46E91931AB6A7E600A7BDD9 /* libz.1.2.5.dylib */ = {isa = PBXFileReference; lastKnownFileType = "compiled.mach-o.dylib"; name = libz.1.2.5.dylib; path = usr/lib/libz.1.2.5.dylib; sourceTree = SDKROOT; };
		A46E91951AB6A7EB00A7BDD9 /* Foundation.framework */ = {isa = PBXFileReference; lastKnownFileType = wrapper.framework; name = Foundation.framework; path = System/Library/Frameworks/Foundation.framework; sourceTree = SDKROOT; };
		A46E91971AB6A7F600A7BDD9 /* CFNetwork.framework */ = {isa = PBXFileReference; lastKnownFileType = wrapper.framework; name = CFNetwork.framework; path = System/Library/Frameworks/CFNetwork.framework; sourceTree = SDKROOT; };
		A46E91991AB6A7FC00A7BDD9 /* SystemConfiguration.framework */ = {isa = PBXFileReference; lastKnownFileType = wrapper.framework; name = SystemConfiguration.framework; path = System/Library/Frameworks/SystemConfiguration.framework; sourceTree = SDKROOT; };
		A46E919B1AB6A80200A7BDD9 /* MobileCoreServices.framework */ = {isa = PBXFileReference; lastKnownFileType = wrapper.framework; name = MobileCoreServices.framework; path = System/Library/Frameworks/MobileCoreServices.framework; sourceTree = SDKROOT; };
		A46E919D1AB6A80700A7BDD9 /* CoreGraphics.framework */ = {isa = PBXFileReference; lastKnownFileType = wrapper.framework; name = CoreGraphics.framework; path = System/Library/Frameworks/CoreGraphics.framework; sourceTree = SDKROOT; };
		A46E919F1AB6A80C00A7BDD9 /* CoreLocation.framework */ = {isa = PBXFileReference; lastKnownFileType = wrapper.framework; name = CoreLocation.framework; path = System/Library/Frameworks/CoreLocation.framework; sourceTree = SDKROOT; };
		A46E91A11AB6A81200A7BDD9 /* CoreData.framework */ = {isa = PBXFileReference; lastKnownFileType = wrapper.framework; name = CoreData.framework; path = System/Library/Frameworks/CoreData.framework; sourceTree = SDKROOT; };
		A46E91A31AB6A81700A7BDD9 /* AudioToolbox.framework */ = {isa = PBXFileReference; lastKnownFileType = wrapper.framework; name = AudioToolbox.framework; path = System/Library/Frameworks/AudioToolbox.framework; sourceTree = SDKROOT; };
		A46E91A51AB6A81D00A7BDD9 /* CoreMedia.framework */ = {isa = PBXFileReference; lastKnownFileType = wrapper.framework; name = CoreMedia.framework; path = System/Library/Frameworks/CoreMedia.framework; sourceTree = SDKROOT; };
		A46E91A71AB6A82100A7BDD9 /* Accelerate.framework */ = {isa = PBXFileReference; lastKnownFileType = wrapper.framework; name = Accelerate.framework; path = System/Library/Frameworks/Accelerate.framework; sourceTree = SDKROOT; };
		A46E91A91AB6A82700A7BDD9 /* CoreVideo.framework */ = {isa = PBXFileReference; lastKnownFileType = wrapper.framework; name = CoreVideo.framework; path = System/Library/Frameworks/CoreVideo.framework; sourceTree = SDKROOT; };
		A46E91AB1AB6A82C00A7BDD9 /* AVFoundation.framework */ = {isa = PBXFileReference; lastKnownFileType = wrapper.framework; name = AVFoundation.framework; path = System/Library/Frameworks/AVFoundation.framework; sourceTree = SDKROOT; };
		A46E91AD1AB6A83100A7BDD9 /* QuartzCore.framework */ = {isa = PBXFileReference; lastKnownFileType = wrapper.framework; name = QuartzCore.framework; path = System/Library/Frameworks/QuartzCore.framework; sourceTree = SDKROOT; };
		A46E91B31AB6A84300A7BDD9 /* libresolv.dylib */ = {isa = PBXFileReference; lastKnownFileType = "compiled.mach-o.dylib"; name = libresolv.dylib; path = usr/lib/libresolv.dylib; sourceTree = SDKROOT; };
		A46E91B51AB6A84900A7BDD9 /* libxml2.dylib */ = {isa = PBXFileReference; lastKnownFileType = "compiled.mach-o.dylib"; name = libxml2.dylib; path = usr/lib/libxml2.dylib; sourceTree = SDKROOT; };
		A46E91B81AB6A89E00A7BDD9 /* SignupViewController.swift */ = {isa = PBXFileReference; fileEncoding = 4; lastKnownFileType = sourcecode.swift; path = SignupViewController.swift; sourceTree = "<group>"; };
		A46E91BB1AB6B62A00A7BDD9 /* MBProgressHUD.h */ = {isa = PBXFileReference; fileEncoding = 4; lastKnownFileType = sourcecode.c.h; path = MBProgressHUD.h; sourceTree = "<group>"; };
		A46E91BC1AB6B62A00A7BDD9 /* MBProgressHUD.m */ = {isa = PBXFileReference; fileEncoding = 4; lastKnownFileType = sourcecode.c.objc; path = MBProgressHUD.m; sourceTree = "<group>"; };
		A488882B1AB73BB8008EBF92 /* NMPaginator.h */ = {isa = PBXFileReference; fileEncoding = 4; lastKnownFileType = sourcecode.c.h; path = NMPaginator.h; sourceTree = "<group>"; };
		A488882C1AB73BB8008EBF92 /* NMPaginator.m */ = {isa = PBXFileReference; fileEncoding = 4; lastKnownFileType = sourcecode.c.objc; path = NMPaginator.m; sourceTree = "<group>"; };
		A48888311AB73FD4008EBF92 /* UsersPaginator.h */ = {isa = PBXFileReference; fileEncoding = 4; lastKnownFileType = sourcecode.c.h; path = UsersPaginator.h; sourceTree = "<group>"; };
		A48888321AB73FD4008EBF92 /* UsersPaginator.m */ = {isa = PBXFileReference; fileEncoding = 4; lastKnownFileType = sourcecode.c.objc; path = UsersPaginator.m; sourceTree = "<group>"; };
		A48888351AB75660008EBF92 /* FriendListTableViewController.swift */ = {isa = PBXFileReference; fileEncoding = 4; lastKnownFileType = sourcecode.swift; path = FriendListTableViewController.swift; sourceTree = "<group>"; };
		A495B6321AB92FD200DF3FA5 /* RootViewController.swift */ = {isa = PBXFileReference; fileEncoding = 4; lastKnownFileType = sourcecode.swift; path = RootViewController.swift; sourceTree = "<group>"; };
		A49A02701AE13DA10062A13F /* UserList.swift */ = {isa = PBXFileReference; fileEncoding = 4; lastKnownFileType = sourcecode.swift; path = UserList.swift; sourceTree = "<group>"; };
		A49A02721AE13DBC0062A13F /* User.swift */ = {isa = PBXFileReference; fileEncoding = 4; lastKnownFileType = sourcecode.swift; path = User.swift; sourceTree = "<group>"; };
		A49BD5481AB9664A00E23A38 /* LaunchScreen.xib */ = {isa = PBXFileReference; fileEncoding = 4; lastKnownFileType = file.xib; path = LaunchScreen.xib; sourceTree = "<group>"; };
		A4DC84B71AEC875200E08E63 /* menu_event.png */ = {isa = PBXFileReference; lastKnownFileType = image.png; path = menu_event.png; sourceTree = "<group>"; };
		A4DC84B81AEC875200E08E63 /* menu_home.png */ = {isa = PBXFileReference; lastKnownFileType = image.png; path = menu_home.png; sourceTree = "<group>"; };
		A4DC84B91AEC875200E08E63 /* menu_logout.png */ = {isa = PBXFileReference; lastKnownFileType = image.png; path = menu_logout.png; sourceTree = "<group>"; };
		A4DC84BA1AEC875200E08E63 /* menu_message.png */ = {isa = PBXFileReference; lastKnownFileType = image.png; path = menu_message.png; sourceTree = "<group>"; };
		A4DC84BB1AEC875200E08E63 /* menu_notification.png */ = {isa = PBXFileReference; lastKnownFileType = image.png; path = menu_notification.png; sourceTree = "<group>"; };
		A4DC84BC1AEC875200E08E63 /* menu_profile.png */ = {isa = PBXFileReference; lastKnownFileType = image.png; path = menu_profile.png; sourceTree = "<group>"; };
		A4DC84C51AEC8ACE00E08E63 /* menu_support.png */ = {isa = PBXFileReference; lastKnownFileType = image.png; path = menu_support.png; sourceTree = "<group>"; };
		A4DC84C81AEC8CA000E08E63 /* EventImage.swift */ = {isa = PBXFileReference; fileEncoding = 4; lastKnownFileType = sourcecode.swift; path = EventImage.swift; sourceTree = "<group>"; };
		A4DC84CA1AEC8E3900E08E63 /* userIcon.png */ = {isa = PBXFileReference; lastKnownFileType = image.png; path = userIcon.png; sourceTree = "<group>"; };
		A4DC84D41AEC9A2100E08E63 /* menu.png */ = {isa = PBXFileReference; lastKnownFileType = image.png; path = menu.png; sourceTree = "<group>"; };
		A4DC84D71AEC9EBE00E08E63 /* Notification.swift */ = {isa = PBXFileReference; fileEncoding = 4; lastKnownFileType = sourcecode.swift; path = Notification.swift; sourceTree = "<group>"; };
		A4DC84D91AECB7C400E08E63 /* addBtn.png */ = {isa = PBXFileReference; lastKnownFileType = image.png; path = addBtn.png; sourceTree = "<group>"; };
		A4E0DEE21AE8B1BC002A7808 /* aqua.png */ = {isa = PBXFileReference; lastKnownFileType = image.png; path = aqua.png; sourceTree = "<group>"; };
		A4E0DEE41AE8B28C002A7808 /* orange.png */ = {isa = PBXFileReference; lastKnownFileType = image.png; path = orange.png; sourceTree = "<group>"; };
		A4E2E5B41ABAC08500A1A745 /* CheckinViewController.swift */ = {isa = PBXFileReference; fileEncoding = 4; lastKnownFileType = sourcecode.swift; path = CheckinViewController.swift; sourceTree = "<group>"; };
		A4E2E5B61ABAF36B00A1A745 /* bg.jpg */ = {isa = PBXFileReference; lastKnownFileType = image.jpeg; path = bg.jpg; sourceTree = "<group>"; };
		A4EDB5B51ABD599B00CDEB7C /* ProfileTableViewController.swift */ = {isa = PBXFileReference; fileEncoding = 4; lastKnownFileType = sourcecode.swift; path = ProfileTableViewController.swift; sourceTree = "<group>"; };
		A4EDB5B81ABD685C00CDEB7C /* EventTableViewController.swift */ = {isa = PBXFileReference; fileEncoding = 4; lastKnownFileType = sourcecode.swift; path = EventTableViewController.swift; sourceTree = "<group>"; };
		A4EDB5BA1ABD691B00CDEB7C /* EventTableViewCell.swift */ = {isa = PBXFileReference; fileEncoding = 4; lastKnownFileType = sourcecode.swift; path = EventTableViewCell.swift; sourceTree = "<group>"; };
		A4EDB5DA1ABE748400CDEB7C /* EventDetailTableViewController.swift */ = {isa = PBXFileReference; fileEncoding = 4; lastKnownFileType = sourcecode.swift; path = EventDetailTableViewController.swift; sourceTree = "<group>"; };
		A4EDB5DE1ABE757300CDEB7C /* placeholder9.png */ = {isa = PBXFileReference; lastKnownFileType = image.png; path = placeholder9.png; sourceTree = "<group>"; };
		A4F1F89D1AE34E9D007167D2 /* CreateNewEventTableViewController.swift */ = {isa = PBXFileReference; fileEncoding = 4; lastKnownFileType = sourcecode.swift; path = CreateNewEventTableViewController.swift; sourceTree = "<group>"; };
		A4F1F89F1AE35DD3007167D2 /* EventImageController.swift */ = {isa = PBXFileReference; fileEncoding = 4; lastKnownFileType = sourcecode.swift; path = EventImageController.swift; sourceTree = "<group>"; };
		A4F1F8A11AE35F03007167D2 /* EventTypeTableViewCell.swift */ = {isa = PBXFileReference; fileEncoding = 4; lastKnownFileType = sourcecode.swift; path = EventTypeTableViewCell.swift; sourceTree = "<group>"; };
		A4F1F8C61AE3832C007167D2 /* AddParticipantTableViewCell.swift */ = {isa = PBXFileReference; fileEncoding = 4; lastKnownFileType = sourcecode.swift; path = AddParticipantTableViewCell.swift; sourceTree = "<group>"; };
		A4F1F8C71AE3832C007167D2 /* AddParticipantTableViewCell.xib */ = {isa = PBXFileReference; fileEncoding = 4; lastKnownFileType = file.xib; path = AddParticipantTableViewCell.xib; sourceTree = "<group>"; };
		A4F1F8CA1AE386C6007167D2 /* UserInvitedTableViewCell.swift */ = {isa = PBXFileReference; fileEncoding = 4; lastKnownFileType = sourcecode.swift; path = UserInvitedTableViewCell.swift; sourceTree = "<group>"; };
		A4F1F8CB1AE386C6007167D2 /* UserInvitedTableViewCell.xib */ = {isa = PBXFileReference; fileEncoding = 4; lastKnownFileType = file.xib; path = UserInvitedTableViewCell.xib; sourceTree = "<group>"; };
		A4F1F8CF1AE388D8007167D2 /* StaticDataTableViewController.h */ = {isa = PBXFileReference; fileEncoding = 4; lastKnownFileType = sourcecode.c.h; path = StaticDataTableViewController.h; sourceTree = "<group>"; };
		A4F1F8D01AE388D8007167D2 /* StaticDataTableViewController.m */ = {isa = PBXFileReference; fileEncoding = 4; lastKnownFileType = sourcecode.c.objc; path = StaticDataTableViewController.m; sourceTree = "<group>"; };
		A4F1F8D21AE3A793007167D2 /* line.png */ = {isa = PBXFileReference; lastKnownFileType = image.png; path = line.png; sourceTree = "<group>"; };
		A4F1F8D61AE3B2A9007167D2 /* UserListViewController.swift */ = {isa = PBXFileReference; fileEncoding = 4; lastKnownFileType = sourcecode.swift; path = UserListViewController.swift; sourceTree = "<group>"; };
		A4F1F8D81AE3B364007167D2 /* UserTableViewCell.swift */ = {isa = PBXFileReference; fileEncoding = 4; lastKnownFileType = sourcecode.swift; path = UserTableViewCell.swift; sourceTree = "<group>"; };
		A4FA40D01AE6589D009FC257 /* ChatUserViewController.swift */ = {isa = PBXFileReference; fileEncoding = 4; lastKnownFileType = sourcecode.swift; path = ChatUserViewController.swift; sourceTree = "<group>"; };
		A4FA40D21AE660F1009FC257 /* UserChatCell.swift */ = {isa = PBXFileReference; fileEncoding = 4; lastKnownFileType = sourcecode.swift; path = UserChatCell.swift; sourceTree = "<group>"; };
		A4FAB6F51AB422A3007047A7 /* Find My Friends.app */ = {isa = PBXFileReference; explicitFileType = wrapper.application; includeInIndex = 0; path = "Find My Friends.app"; sourceTree = BUILT_PRODUCTS_DIR; };
		A4FAB6F91AB422A3007047A7 /* Info.plist */ = {isa = PBXFileReference; lastKnownFileType = text.plist.xml; path = Info.plist; sourceTree = "<group>"; };
		A4FAB6FA1AB422A3007047A7 /* AppDelegate.swift */ = {isa = PBXFileReference; lastKnownFileType = sourcecode.swift; path = AppDelegate.swift; sourceTree = "<group>"; };
		A4FAB6FC1AB422A3007047A7 /* ViewController.swift */ = {isa = PBXFileReference; lastKnownFileType = sourcecode.swift; name = ViewController.swift; path = "Find My Friends/ViewController.swift"; sourceTree = "<group>"; };
		A4FAB6FF1AB422A3007047A7 /* Base */ = {isa = PBXFileReference; lastKnownFileType = file.storyboard; name = Base; path = Base.lproj/Main.storyboard; sourceTree = "<group>"; };
		A4FAB7011AB422A3007047A7 /* Images.xcassets */ = {isa = PBXFileReference; lastKnownFileType = folder.assetcatalog; path = Images.xcassets; sourceTree = "<group>"; };
		A4FAB70A1AB422A3007047A7 /* Find My FriendsTests.xctest */ = {isa = PBXFileReference; explicitFileType = wrapper.cfbundle; includeInIndex = 0; path = "Find My FriendsTests.xctest"; sourceTree = BUILT_PRODUCTS_DIR; };
		A4FAB70F1AB422A3007047A7 /* Info.plist */ = {isa = PBXFileReference; lastKnownFileType = text.plist.xml; path = Info.plist; sourceTree = "<group>"; };
		A4FAB7101AB422A3007047A7 /* Find_My_FriendsTests.swift */ = {isa = PBXFileReference; lastKnownFileType = sourcecode.swift; path = Find_My_FriendsTests.swift; sourceTree = "<group>"; };
		A4FAB71C1AB4237C007047A7 /* Find My Friends-Bridging-Header.h */ = {isa = PBXFileReference; lastKnownFileType = sourcecode.c.h; path = "Find My Friends-Bridging-Header.h"; sourceTree = "<group>"; };
		A4FAB71D1AB4237D007047A7 /* SWRevealViewController.h */ = {isa = PBXFileReference; fileEncoding = 4; lastKnownFileType = sourcecode.c.h; path = SWRevealViewController.h; sourceTree = "<group>"; };
		A4FAB71E1AB4237D007047A7 /* SWRevealViewController.m */ = {isa = PBXFileReference; fileEncoding = 4; lastKnownFileType = sourcecode.c.objc; path = SWRevealViewController.m; sourceTree = "<group>"; };
		A4FAB7201AB4245B007047A7 /* MenuViewController.swift */ = {isa = PBXFileReference; fileEncoding = 4; lastKnownFileType = sourcecode.swift; path = MenuViewController.swift; sourceTree = "<group>"; };
		A4FAB7271AB42C10007047A7 /* LoginViewController.swift */ = {isa = PBXFileReference; fileEncoding = 4; lastKnownFileType = sourcecode.swift; path = LoginViewController.swift; sourceTree = "<group>"; };
		A4FAB7361AB42F4A007047A7 /* Util.swift */ = {isa = PBXFileReference; fileEncoding = 4; lastKnownFileType = sourcecode.swift; path = Util.swift; sourceTree = "<group>"; };
		A4FB84951AEB3B1500BD3783 /* SSMPushMessage.h */ = {isa = PBXFileReference; fileEncoding = 4; lastKnownFileType = sourcecode.c.h; path = SSMPushMessage.h; sourceTree = "<group>"; };
		A4FB84961AEB3B1500BD3783 /* SSMPushMessage.m */ = {isa = PBXFileReference; fileEncoding = 4; lastKnownFileType = sourcecode.c.objc; path = SSMPushMessage.m; sourceTree = "<group>"; };
		D22DD3F11AEBF9DB00CECBC2 /* blue.jpg */ = {isa = PBXFileReference; lastKnownFileType = image.jpeg; path = blue.jpg; sourceTree = "<group>"; };
		D232C46E1AEB8E5B00A93E42 /* AboutUsController.swift */ = {isa = PBXFileReference; fileEncoding = 4; lastKnownFileType = sourcecode.swift; path = AboutUsController.swift; sourceTree = "<group>"; };
		D232C4701AEB974200A93E42 /* UserMapTableViewCell.swift */ = {isa = PBXFileReference; fileEncoding = 4; lastKnownFileType = sourcecode.swift; path = UserMapTableViewCell.swift; sourceTree = "<group>"; };
		D24567901AECCD2F0020719E /* EventCollectionViewCell.swift */ = {isa = PBXFileReference; fileEncoding = 4; lastKnownFileType = sourcecode.swift; path = EventCollectionViewCell.swift; sourceTree = "<group>"; };
		D24567931AECD00C0020719E /* e_art.png */ = {isa = PBXFileReference; lastKnownFileType = image.png; path = e_art.png; sourceTree = "<group>"; };
		D24567941AECD00C0020719E /* e_boat.png */ = {isa = PBXFileReference; lastKnownFileType = image.png; path = e_boat.png; sourceTree = "<group>"; };
		D24567951AECD00C0020719E /* e_bussiness.png */ = {isa = PBXFileReference; lastKnownFileType = image.png; path = e_bussiness.png; sourceTree = "<group>"; };
		D24567961AECD00C0020719E /* e_buying.png */ = {isa = PBXFileReference; lastKnownFileType = image.png; path = e_buying.png; sourceTree = "<group>"; };
		D24567971AECD00C0020719E /* e_camp.png */ = {isa = PBXFileReference; lastKnownFileType = image.png; path = e_camp.png; sourceTree = "<group>"; };
		D24567981AECD00C0020719E /* e_cinema.png */ = {isa = PBXFileReference; lastKnownFileType = image.png; path = e_cinema.png; sourceTree = "<group>"; };
		D24567991AECD00C0020719E /* e_cycle.png */ = {isa = PBXFileReference; lastKnownFileType = image.png; path = e_cycle.png; sourceTree = "<group>"; };
		D245679A1AECD00D0020719E /* e_game.png */ = {isa = PBXFileReference; lastKnownFileType = image.png; path = e_game.png; sourceTree = "<group>"; };
		D245679B1AECD00D0020719E /* e_gamecomputer.png */ = {isa = PBXFileReference; lastKnownFileType = image.png; path = e_gamecomputer.png; sourceTree = "<group>"; };
		D245679C1AECD00D0020719E /* e_heart.png */ = {isa = PBXFileReference; lastKnownFileType = image.png; path = e_heart.png; sourceTree = "<group>"; };
		D245679D1AECD00D0020719E /* e_helicopter.png */ = {isa = PBXFileReference; lastKnownFileType = image.png; path = e_helicopter.png; sourceTree = "<group>"; };
		D245679E1AECD00D0020719E /* e_hotair.png */ = {isa = PBXFileReference; lastKnownFileType = image.png; path = e_hotair.png; sourceTree = "<group>"; };
		D245679F1AECD00D0020719E /* e_learning.png */ = {isa = PBXFileReference; lastKnownFileType = image.png; path = e_learning.png; sourceTree = "<group>"; };
		D24567A01AECD00D0020719E /* e_magicwand.png */ = {isa = PBXFileReference; lastKnownFileType = image.png; path = e_magicwand.png; sourceTree = "<group>"; };
		D24567A11AECD00D0020719E /* e_magnifyingglass.png */ = {isa = PBXFileReference; lastKnownFileType = image.png; path = e_magnifyingglass.png; sourceTree = "<group>"; };
		D24567A21AECD00D0020719E /* e_map.png */ = {isa = PBXFileReference; lastKnownFileType = image.png; path = e_map.png; sourceTree = "<group>"; };
		D24567A31AECD00D0020719E /* e_math.png */ = {isa = PBXFileReference; lastKnownFileType = image.png; path = e_math.png; sourceTree = "<group>"; };
		D24567A41AECD00D0020719E /* e_mic.png */ = {isa = PBXFileReference; lastKnownFileType = image.png; path = e_mic.png; sourceTree = "<group>"; };
		D24567A51AECD00D0020719E /* e_money.png */ = {isa = PBXFileReference; lastKnownFileType = image.png; path = e_money.png; sourceTree = "<group>"; };
		D24567A61AECD00D0020719E /* e_motorcycle.png */ = {isa = PBXFileReference; lastKnownFileType = image.png; path = e_motorcycle.png; sourceTree = "<group>"; };
		D24567A71AECD00D0020719E /* e_movie.png */ = {isa = PBXFileReference; lastKnownFileType = image.png; path = e_movie.png; sourceTree = "<group>"; };
		D24567A81AECD00D0020719E /* e_music.png */ = {isa = PBXFileReference; lastKnownFileType = image.png; path = e_music.png; sourceTree = "<group>"; };
		D24567A91AECD00D0020719E /* e_news.png */ = {isa = PBXFileReference; lastKnownFileType = image.png; path = e_news.png; sourceTree = "<group>"; };
		D24567AA1AECD00D0020719E /* e_paint.png */ = {isa = PBXFileReference; lastKnownFileType = image.png; path = e_paint.png; sourceTree = "<group>"; };
		D24567AB1AECD00D0020719E /* e_paintcan.png */ = {isa = PBXFileReference; lastKnownFileType = image.png; path = e_paintcan.png; sourceTree = "<group>"; };
		D24567AC1AECD00D0020719E /* e_pencil.png */ = {isa = PBXFileReference; lastKnownFileType = image.png; path = e_pencil.png; sourceTree = "<group>"; };
		D24567AD1AECD00D0020719E /* e_phuot.png */ = {isa = PBXFileReference; lastKnownFileType = image.png; path = e_phuot.png; sourceTree = "<group>"; };
		D24567AE1AECD00D0020719E /* e_plane.png */ = {isa = PBXFileReference; lastKnownFileType = image.png; path = e_plane.png; sourceTree = "<group>"; };
		D24567AF1AECD00D0020719E /* e_poker.png */ = {isa = PBXFileReference; lastKnownFileType = image.png; path = e_poker.png; sourceTree = "<group>"; };
		D24567B01AECD00D0020719E /* e_present.png */ = {isa = PBXFileReference; lastKnownFileType = image.png; path = e_present.png; sourceTree = "<group>"; };
		D24567B11AECD00D0020719E /* e_programming.png */ = {isa = PBXFileReference; lastKnownFileType = image.png; path = e_programming.png; sourceTree = "<group>"; };
		D24567B21AECD00D0020719E /* e_racingflags.png */ = {isa = PBXFileReference; lastKnownFileType = image.png; path = e_racingflags.png; sourceTree = "<group>"; };
		D24567B31AECD00D0020719E /* e_running.png */ = {isa = PBXFileReference; lastKnownFileType = image.png; path = e_running.png; sourceTree = "<group>"; };
		D24567B41AECD00D0020719E /* e_sailboat.png */ = {isa = PBXFileReference; lastKnownFileType = image.png; path = e_sailboat.png; sourceTree = "<group>"; };
		D24567B51AECD00D0020719E /* e_schooolbus.png */ = {isa = PBXFileReference; lastKnownFileType = image.png; path = e_schooolbus.png; sourceTree = "<group>"; };
		D24567B61AECD00D0020719E /* e_scooter.png */ = {isa = PBXFileReference; lastKnownFileType = image.png; path = e_scooter.png; sourceTree = "<group>"; };
		D24567B71AECD00D0020719E /* e_selffie.png */ = {isa = PBXFileReference; lastKnownFileType = image.png; path = e_selffie.png; sourceTree = "<group>"; };
		D24567B81AECD00D0020719E /* e_shoeprints.png */ = {isa = PBXFileReference; lastKnownFileType = image.png; path = e_shoeprints.png; sourceTree = "<group>"; };
		D24567B91AECD00D0020719E /* e_shopping.png */ = {isa = PBXFileReference; lastKnownFileType = image.png; path = e_shopping.png; sourceTree = "<group>"; };
		D24567BA1AECD00D0020719E /* e_skateboard.png */ = {isa = PBXFileReference; lastKnownFileType = image.png; path = e_skateboard.png; sourceTree = "<group>"; };
		D24567BB1AECD00D0020719E /* e_spaceshuttle.png */ = {isa = PBXFileReference; lastKnownFileType = image.png; path = e_spaceshuttle.png; sourceTree = "<group>"; };
		D24567BC1AECD00D0020719E /* e_stockmarket.png */ = {isa = PBXFileReference; lastKnownFileType = image.png; path = e_stockmarket.png; sourceTree = "<group>"; };
		D24567BD1AECD00D0020719E /* e_tractor.png */ = {isa = PBXFileReference; lastKnownFileType = image.png; path = e_tractor.png; sourceTree = "<group>"; };
		D24567BE1AECD00D0020719E /* e_train.png */ = {isa = PBXFileReference; lastKnownFileType = image.png; path = e_train.png; sourceTree = "<group>"; };
		D24567BF1AECD00D0020719E /* e_unicycle.png */ = {isa = PBXFileReference; lastKnownFileType = image.png; path = e_unicycle.png; sourceTree = "<group>"; };
		D24567ED1AECDACF0020719E /* e_default.jpg */ = {isa = PBXFileReference; lastKnownFileType = image.jpeg; path = e_default.jpg; sourceTree = "<group>"; };
/* End PBXFileReference section */

/* Begin PBXFrameworksBuildPhase section */
		A4FAB6F21AB422A3007047A7 /* Frameworks */ = {
			isa = PBXFrameworksBuildPhase;
			buildActionMask = 2147483647;
			files = (
				A4606B921AB6E4C200AD74B4 /* MapKit.framework in Frameworks */,
				A4606B901AB6E4B400AD74B4 /* Security.framework in Frameworks */,
				A4606B8D1AB6E4A200AD74B4 /* libz.dylib in Frameworks */,
				A46E91941AB6A7E600A7BDD9 /* libz.1.2.5.dylib in Frameworks */,
				A46E91B61AB6A84900A7BDD9 /* libxml2.dylib in Frameworks */,
				A46E91B41AB6A84300A7BDD9 /* libresolv.dylib in Frameworks */,
				A46E91AE1AB6A83100A7BDD9 /* QuartzCore.framework in Frameworks */,
				A46E91AC1AB6A82C00A7BDD9 /* AVFoundation.framework in Frameworks */,
				A46E91AA1AB6A82700A7BDD9 /* CoreVideo.framework in Frameworks */,
				A46E91A81AB6A82100A7BDD9 /* Accelerate.framework in Frameworks */,
				A46E91A61AB6A81D00A7BDD9 /* CoreMedia.framework in Frameworks */,
				A46E91A41AB6A81700A7BDD9 /* AudioToolbox.framework in Frameworks */,
				A46E91A21AB6A81200A7BDD9 /* CoreData.framework in Frameworks */,
				A46E91A01AB6A80C00A7BDD9 /* CoreLocation.framework in Frameworks */,
				A46E919E1AB6A80700A7BDD9 /* CoreGraphics.framework in Frameworks */,
				A46E919C1AB6A80200A7BDD9 /* MobileCoreServices.framework in Frameworks */,
				A46E919A1AB6A7FC00A7BDD9 /* SystemConfiguration.framework in Frameworks */,
				A46E91981AB6A7F600A7BDD9 /* CFNetwork.framework in Frameworks */,
				A46E91961AB6A7EB00A7BDD9 /* Foundation.framework in Frameworks */,
				A46E917E1AB6A68900A7BDD9 /* Quickblox.framework in Frameworks */,
			);
			runOnlyForDeploymentPostprocessing = 0;
		};
		A4FAB7071AB422A3007047A7 /* Frameworks */ = {
			isa = PBXFrameworksBuildPhase;
			buildActionMask = 2147483647;
			files = (
			);
			runOnlyForDeploymentPostprocessing = 0;
		};
/* End PBXFrameworksBuildPhase section */

/* Begin PBXGroup section */
		A43CD7871AB6C9A000554A23 /* Maps */ = {
			isa = PBXGroup;
			children = (
				A4606B961AB6EFBD00AD74B4 /* SSLMapPin.h */,
				A4606B971AB6EFBD00AD74B4 /* SSLMapPin.m */,
				A4606B941AB6ED3200AD74B4 /* MapPin.swift */,
				A4606B9C1AB70EFA00AD74B4 /* MyCustomAnnotation.swift */,
				A4FAB6FC1AB422A3007047A7 /* ViewController.swift */,
				A4E2E5B41ABAC08500A1A745 /* CheckinViewController.swift */,
				D232C4701AEB974200A93E42 /* UserMapTableViewCell.swift */,
			);
			name = Maps;
			sourceTree = "<group>";
		};
		A43CD78B1AB6CCBE00554A23 /* Friend List */ = {
			isa = PBXGroup;
			children = (
				A43CD78C1AB6CCF600554A23 /* FriendListViewController.swift */,
				A48888351AB75660008EBF92 /* FriendListTableViewController.swift */,
			);
			name = "Friend List";
			sourceTree = "<group>";
		};
		A4606B931AB6E53A00AD74B4 /* Location */ = {
			isa = PBXGroup;
			children = (
			);
			name = Location;
			sourceTree = "<group>";
		};
		A46820881AB86246006EAD74 /* CHAT */ = {
			isa = PBXGroup;
			children = (
				A4A661D31AEA3055006CAF25 /* Chat service */,
				A4E74C9E1AE75469008E4BC5 /* Create New Chat */,
				A4E74C9D1AE7545C008E4BC5 /* Chat View */,
				A4E74C9C1AE7544F008E4BC5 /* Chat list */,
			);
			name = CHAT;
			sourceTree = "<group>";
		};
		A46E916C1AB6A68000A7BDD9 /* Framework */ = {
			isa = PBXGroup;
			children = (
				A46E916D1AB6A68900A7BDD9 /* Quickblox.framework */,
			);
			path = Framework;
			sourceTree = "<group>";
		};
		A46E91B71AB6A88600A7BDD9 /* Login/Signup */ = {
			isa = PBXGroup;
			children = (
				A46E91B81AB6A89E00A7BDD9 /* SignupViewController.swift */,
				A4FAB7271AB42C10007047A7 /* LoginViewController.swift */,
			);
			name = Login/Signup;
			sourceTree = "<group>";
		};
		A46E91BA1AB6B61C00A7BDD9 /* HUD */ = {
			isa = PBXGroup;
			children = (
				A46E91BB1AB6B62A00A7BDD9 /* MBProgressHUD.h */,
				A46E91BC1AB6B62A00A7BDD9 /* MBProgressHUD.m */,
			);
			name = HUD;
			sourceTree = "<group>";
		};
		A48888271AB73A0B008EBF92 /* User List */ = {
			isa = PBXGroup;
			children = (
			);
			name = "User List";
			sourceTree = "<group>";
		};
		A4914C031AEAAF8E0043577B /* Event type */ = {
			isa = PBXGroup;
			children = (
				A4DC84CA1AEC8E3900E08E63 /* userIcon.png */,
			);
			name = "Event type";
			sourceTree = "<group>";
		};
		A49A026F1AE13D840062A13F /* List Users */ = {
			isa = PBXGroup;
			children = (
				A49A02701AE13DA10062A13F /* UserList.swift */,
				A49A02721AE13DBC0062A13F /* User.swift */,
			);
			name = "List Users";
			sourceTree = "<group>";
		};
		A4A661D31AEA3055006CAF25 /* Chat service */ = {
			isa = PBXGroup;
			children = (
				A4FB84951AEB3B1500BD3783 /* SSMPushMessage.h */,
				A4FB84961AEB3B1500BD3783 /* SSMPushMessage.m */,
				A468208B1AB8666A006EAD74 /* ChatService.h */,
				A468208C1AB8666A006EAD74 /* ChatService.m */,
				A43CD7881AB6C9AF00554A23 /* LocalStorageService.h */,
				A43CD7891AB6C9AF00554A23 /* LocalStorageService.m */,
			);
			name = "Chat service";
			sourceTree = "<group>";
		};
		A4DC84B61AEC873F00E08E63 /* Menu icon */ = {
			isa = PBXGroup;
			children = (
				A4DC84D91AECB7C400E08E63 /* addBtn.png */,
				A4DC84D41AEC9A2100E08E63 /* menu.png */,
				A4DC84C51AEC8ACE00E08E63 /* menu_support.png */,
				A4DC84B71AEC875200E08E63 /* menu_event.png */,
				A4DC84B81AEC875200E08E63 /* menu_home.png */,
				A4DC84B91AEC875200E08E63 /* menu_logout.png */,
				A4DC84BA1AEC875200E08E63 /* menu_message.png */,
				A4DC84BB1AEC875200E08E63 /* menu_notification.png */,
				A4DC84BC1AEC875200E08E63 /* menu_profile.png */,
			);
			name = "Menu icon";
			sourceTree = "<group>";
		};
		A4DC84C71AEC8C8900E08E63 /* event image */ = {
			isa = PBXGroup;
			children = (
				A4F1F89F1AE35DD3007167D2 /* EventImageController.swift */,
				A4DC84C81AEC8CA000E08E63 /* EventImage.swift */,
				D24567901AECCD2F0020719E /* EventCollectionViewCell.swift */,
			);
			name = "event image";
			sourceTree = "<group>";
		};
		A4DC84D61AEC9EA200E08E63 /* Notification */ = {
			isa = PBXGroup;
			children = (
				A4DC84D71AEC9EBE00E08E63 /* Notification.swift */,
			);
			name = Notification;
			sourceTree = "<group>";
		};
		A4E0DEE11AE8B1A1002A7808 /* Message Image */ = {
			isa = PBXGroup;
			children = (
				A4E0DEE41AE8B28C002A7808 /* orange.png */,
				A4E0DEE21AE8B1BC002A7808 /* aqua.png */,
			);
			name = "Message Image";
			sourceTree = "<group>";
		};
		A4E74C9C1AE7544F008E4BC5 /* Chat list */ = {
			isa = PBXGroup;
			children = (
				A41EB11A1ABBF5C0001BB355 /* ChatDialogTableViewController.swift */,
				A41EB1181ABBF59D001BB355 /* ChatDialogTableViewCell.swift */,
			);
			name = "Chat list";
			sourceTree = "<group>";
		};
		A4E74C9D1AE7545C008E4BC5 /* Chat View */ = {
			isa = PBXGroup;
			children = (
				A46820891AB863B6006EAD74 /* ChatViewController.swift */,
				A46820901AB86BD3006EAD74 /* ChatMessageTableViewCell.h */,
				A46820911AB86BD3006EAD74 /* ChatMessageTableViewCell.m */,
			);
			name = "Chat View";
			sourceTree = "<group>";
		};
		A4E74C9E1AE75469008E4BC5 /* Create New Chat */ = {
			isa = PBXGroup;
			children = (
				A4FA40D01AE6589D009FC257 /* ChatUserViewController.swift */,
				A4FA40D21AE660F1009FC257 /* UserChatCell.swift */,
			);
			name = "Create New Chat";
			sourceTree = "<group>";
		};
		A4EDB5B41ABD598500CDEB7C /* Profile */ = {
			isa = PBXGroup;
			children = (
				A4EDB5B51ABD599B00CDEB7C /* ProfileTableViewController.swift */,
			);
			name = Profile;
			sourceTree = "<group>";
		};
		A4EDB5B71ABD684300CDEB7C /* Event */ = {
			isa = PBXGroup;
			children = (
				A4F1F8DC1AE3BE40007167D2 /* Create New Event */,
				A4F1F8DB1AE3BE38007167D2 /* Event detail */,
				A4F1F8DA1AE3BE2A007167D2 /* Event List */,
			);
			name = Event;
			sourceTree = "<group>";
		};
		A4F1F8CE1AE388C0007167D2 /* Static Table View */ = {
			isa = PBXGroup;
			children = (
				A4F1F8CF1AE388D8007167D2 /* StaticDataTableViewController.h */,
				A4F1F8D01AE388D8007167D2 /* StaticDataTableViewController.m */,
			);
			name = "Static Table View";
			sourceTree = "<group>";
		};
		A4F1F8DA1AE3BE2A007167D2 /* Event List */ = {
			isa = PBXGroup;
			children = (
				A4EDB5B81ABD685C00CDEB7C /* EventTableViewController.swift */,
				A4EDB5BA1ABD691B00CDEB7C /* EventTableViewCell.swift */,
			);
			name = "Event List";
			sourceTree = "<group>";
		};
		A4F1F8DB1AE3BE38007167D2 /* Event detail */ = {
			isa = PBXGroup;
			children = (
				A4EDB5DA1ABE748400CDEB7C /* EventDetailTableViewController.swift */,
			);
			name = "Event detail";
			sourceTree = "<group>";
		};
		A4F1F8DC1AE3BE40007167D2 /* Create New Event */ = {
			isa = PBXGroup;
			children = (
				A4DC84C71AEC8C8900E08E63 /* event image */,
				A4F1F89D1AE34E9D007167D2 /* CreateNewEventTableViewController.swift */,
				A4F1F8A11AE35F03007167D2 /* EventTypeTableViewCell.swift */,
				A4F1F8C61AE3832C007167D2 /* AddParticipantTableViewCell.swift */,
				A4F1F8C71AE3832C007167D2 /* AddParticipantTableViewCell.xib */,
				A4F1F8CA1AE386C6007167D2 /* UserInvitedTableViewCell.swift */,
				A4F1F8CB1AE386C6007167D2 /* UserInvitedTableViewCell.xib */,
				A4F1F8D61AE3B2A9007167D2 /* UserListViewController.swift */,
				A4F1F8D81AE3B364007167D2 /* UserTableViewCell.swift */,
			);
			name = "Create New Event";
			sourceTree = "<group>";
		};
		A4FAB6EC1AB422A3007047A7 = {
			isa = PBXGroup;
			children = (
				A49A026F1AE13D840062A13F /* List Users */,
				A46820881AB86246006EAD74 /* CHAT */,
				A4606B911AB6E4C200AD74B4 /* MapKit.framework */,
				A43CD7871AB6C9A000554A23 /* Maps */,
				A46E916C1AB6A68000A7BDD9 /* Framework */,
				A4FAB7261AB42BC5007047A7 /* Classes */,
				A4FAB7221AB4251C007047A7 /* Resources */,
				A4FAB71A1AB42363007047A7 /* Support */,
				A4FAB6F71AB422A3007047A7 /* Find My Friends */,
				A4FAB70D1AB422A3007047A7 /* Find My FriendsTests */,
				A4FAB6F61AB422A3007047A7 /* Products */,
			);
			sourceTree = "<group>";
		};
		A4FAB6F61AB422A3007047A7 /* Products */ = {
			isa = PBXGroup;
			children = (
				A4FAB6F51AB422A3007047A7 /* Find My Friends.app */,
				A4FAB70A1AB422A3007047A7 /* Find My FriendsTests.xctest */,
			);
			name = Products;
			sourceTree = "<group>";
		};
		A4FAB6F71AB422A3007047A7 /* Find My Friends */ = {
			isa = PBXGroup;
			children = (
				A49BD5481AB9664A00E23A38 /* LaunchScreen.xib */,
				A4FAB6FA1AB422A3007047A7 /* AppDelegate.swift */,
				A4FAB6FE1AB422A3007047A7 /* Main.storyboard */,
				A4FAB7011AB422A3007047A7 /* Images.xcassets */,
				A4FAB6F81AB422A3007047A7 /* Supporting Files */,
				A495B6321AB92FD200DF3FA5 /* RootViewController.swift */,
			);
			path = "Find My Friends";
			sourceTree = "<group>";
		};
		A4FAB6F81AB422A3007047A7 /* Supporting Files */ = {
			isa = PBXGroup;
			children = (
				A4606B8E1AB6E4A900AD74B4 /* Security.framework */,
				A4606B8B1AB6E48800AD74B4 /* libz.dylib */,
				A46E91B51AB6A84900A7BDD9 /* libxml2.dylib */,
				A46E91B31AB6A84300A7BDD9 /* libresolv.dylib */,
				A46E91AD1AB6A83100A7BDD9 /* QuartzCore.framework */,
				A46E91AB1AB6A82C00A7BDD9 /* AVFoundation.framework */,
				A46E91A91AB6A82700A7BDD9 /* CoreVideo.framework */,
				A46E91A71AB6A82100A7BDD9 /* Accelerate.framework */,
				A46E91A51AB6A81D00A7BDD9 /* CoreMedia.framework */,
				A46E91A31AB6A81700A7BDD9 /* AudioToolbox.framework */,
				A46E91A11AB6A81200A7BDD9 /* CoreData.framework */,
				A46E919F1AB6A80C00A7BDD9 /* CoreLocation.framework */,
				A46E919D1AB6A80700A7BDD9 /* CoreGraphics.framework */,
				A46E919B1AB6A80200A7BDD9 /* MobileCoreServices.framework */,
				A46E91991AB6A7FC00A7BDD9 /* SystemConfiguration.framework */,
				A46E91971AB6A7F600A7BDD9 /* CFNetwork.framework */,
				A46E91951AB6A7EB00A7BDD9 /* Foundation.framework */,
				A46E91931AB6A7E600A7BDD9 /* libz.1.2.5.dylib */,
				A4FAB6F91AB422A3007047A7 /* Info.plist */,
			);
			name = "Supporting Files";
			sourceTree = "<group>";
		};
		A4FAB70D1AB422A3007047A7 /* Find My FriendsTests */ = {
			isa = PBXGroup;
			children = (
				A4FAB7101AB422A3007047A7 /* Find_My_FriendsTests.swift */,
				A4FAB70E1AB422A3007047A7 /* Supporting Files */,
			);
			path = "Find My FriendsTests";
			sourceTree = "<group>";
		};
		A4FAB70E1AB422A3007047A7 /* Supporting Files */ = {
			isa = PBXGroup;
			children = (
				A4FAB70F1AB422A3007047A7 /* Info.plist */,
			);
			name = "Supporting Files";
			sourceTree = "<group>";
		};
		A4FAB71A1AB42363007047A7 /* Support */ = {
			isa = PBXGroup;
			children = (
				A4F1F8CE1AE388C0007167D2 /* Static Table View */,
				A4606B931AB6E53A00AD74B4 /* Location */,
				A46E91BA1AB6B61C00A7BDD9 /* HUD */,
				A4FAB71B1AB42369007047A7 /* MenuView */,
			);
			name = Support;
			sourceTree = "<group>";
		};
		A4FAB71B1AB42369007047A7 /* MenuView */ = {
			isa = PBXGroup;
			children = (
				A4FAB71D1AB4237D007047A7 /* SWRevealViewController.h */,
				A4FAB71E1AB4237D007047A7 /* SWRevealViewController.m */,
				A488882B1AB73BB8008EBF92 /* NMPaginator.h */,
				A48888311AB73FD4008EBF92 /* UsersPaginator.h */,
				A48888321AB73FD4008EBF92 /* UsersPaginator.m */,
				A488882C1AB73BB8008EBF92 /* NMPaginator.m */,
				A4FAB71C1AB4237C007047A7 /* Find My Friends-Bridging-Header.h */,
				A4FAB7201AB4245B007047A7 /* MenuViewController.swift */,
			);
			name = MenuView;
			sourceTree = "<group>";
		};
		A4FAB7221AB4251C007047A7 /* Resources */ = {
			isa = PBXGroup;
			children = (
				D24567921AECCF5F0020719E /* Event Type */,
				A4DC84B61AEC873F00E08E63 /* Menu icon */,
				A4E0DEE11AE8B1A1002A7808 /* Message Image */,
				A4FAB7231AB42523007047A7 /* Images */,
			);
			name = Resources;
			sourceTree = "<group>";
		};
		A4FAB7231AB42523007047A7 /* Images */ = {
			isa = PBXGroup;
			children = (
				A4914C031AEAAF8E0043577B /* Event type */,
				A4F1F8D21AE3A793007167D2 /* line.png */,
				A4EDB5DE1ABE757300CDEB7C /* placeholder9.png */,
				D22DD3F11AEBF9DB00CECBC2 /* blue.jpg */,
				A4E2E5B61ABAF36B00A1A745 /* bg.jpg */,
				9D3B71BD1ABAD529001DAA86 /* icon-180.png */,
				9D3B71BB1ABAD486001DAA86 /* kien.jpg */,
			);
			name = Images;
			sourceTree = "<group>";
		};
		A4FAB7261AB42BC5007047A7 /* Classes */ = {
			isa = PBXGroup;
			children = (
				A4DC84D61AEC9EA200E08E63 /* Notification */,
				D232C46D1AEB8E3700A93E42 /* About us */,
				A4EDB5B71ABD684300CDEB7C /* Event */,
				A4EDB5B41ABD598500CDEB7C /* Profile */,
				A48888271AB73A0B008EBF92 /* User List */,
				A43CD78B1AB6CCBE00554A23 /* Friend List */,
				A4FAB7351AB42F28007047A7 /* Util */,
				A46E91B71AB6A88600A7BDD9 /* Login/Signup */,
			);
			name = Classes;
			sourceTree = "<group>";
		};
		A4FAB7351AB42F28007047A7 /* Util */ = {
			isa = PBXGroup;
			children = (
				A4FAB7361AB42F4A007047A7 /* Util.swift */,
			);
			name = Util;
			sourceTree = "<group>";
		};
		D232C46D1AEB8E3700A93E42 /* About us */ = {
			isa = PBXGroup;
			children = (
				D232C46E1AEB8E5B00A93E42 /* AboutUsController.swift */,
			);
			name = "About us";
			sourceTree = "<group>";
		};
		D24567921AECCF5F0020719E /* Event Type */ = {
			isa = PBXGroup;
			children = (
				D24567ED1AECDACF0020719E /* e_default.jpg */,
				D24567931AECD00C0020719E /* e_art.png */,
				D24567941AECD00C0020719E /* e_boat.png */,
				D24567951AECD00C0020719E /* e_bussiness.png */,
				D24567961AECD00C0020719E /* e_buying.png */,
				D24567971AECD00C0020719E /* e_camp.png */,
				D24567981AECD00C0020719E /* e_cinema.png */,
				D24567991AECD00C0020719E /* e_cycle.png */,
				D245679A1AECD00D0020719E /* e_game.png */,
				D245679B1AECD00D0020719E /* e_gamecomputer.png */,
				D245679C1AECD00D0020719E /* e_heart.png */,
				D245679D1AECD00D0020719E /* e_helicopter.png */,
				D245679E1AECD00D0020719E /* e_hotair.png */,
				D245679F1AECD00D0020719E /* e_learning.png */,
				D24567A01AECD00D0020719E /* e_magicwand.png */,
				D24567A11AECD00D0020719E /* e_magnifyingglass.png */,
				D24567A21AECD00D0020719E /* e_map.png */,
				D24567A31AECD00D0020719E /* e_math.png */,
				D24567A41AECD00D0020719E /* e_mic.png */,
				D24567A51AECD00D0020719E /* e_money.png */,
				D24567A61AECD00D0020719E /* e_motorcycle.png */,
				D24567A71AECD00D0020719E /* e_movie.png */,
				D24567A81AECD00D0020719E /* e_music.png */,
				D24567A91AECD00D0020719E /* e_news.png */,
				D24567AA1AECD00D0020719E /* e_paint.png */,
				D24567AB1AECD00D0020719E /* e_paintcan.png */,
				D24567AC1AECD00D0020719E /* e_pencil.png */,
				D24567AD1AECD00D0020719E /* e_phuot.png */,
				D24567AE1AECD00D0020719E /* e_plane.png */,
				D24567AF1AECD00D0020719E /* e_poker.png */,
				D24567B01AECD00D0020719E /* e_present.png */,
				D24567B11AECD00D0020719E /* e_programming.png */,
				D24567B21AECD00D0020719E /* e_racingflags.png */,
				D24567B31AECD00D0020719E /* e_running.png */,
				D24567B41AECD00D0020719E /* e_sailboat.png */,
				D24567B51AECD00D0020719E /* e_schooolbus.png */,
				D24567B61AECD00D0020719E /* e_scooter.png */,
				D24567B71AECD00D0020719E /* e_selffie.png */,
				D24567B81AECD00D0020719E /* e_shoeprints.png */,
				D24567B91AECD00D0020719E /* e_shopping.png */,
				D24567BA1AECD00D0020719E /* e_skateboard.png */,
				D24567BB1AECD00D0020719E /* e_spaceshuttle.png */,
				D24567BC1AECD00D0020719E /* e_stockmarket.png */,
				D24567BD1AECD00D0020719E /* e_tractor.png */,
				D24567BE1AECD00D0020719E /* e_train.png */,
				D24567BF1AECD00D0020719E /* e_unicycle.png */,
			);
			name = "Event Type";
			sourceTree = "<group>";
		};
/* End PBXGroup section */

/* Begin PBXNativeTarget section */
		A4FAB6F41AB422A3007047A7 /* Find My Friends */ = {
			isa = PBXNativeTarget;
			buildConfigurationList = A4FAB7141AB422A3007047A7 /* Build configuration list for PBXNativeTarget "Find My Friends" */;
			buildPhases = (
				A4FAB6F11AB422A3007047A7 /* Sources */,
				A4FAB6F21AB422A3007047A7 /* Frameworks */,
				A4FAB6F31AB422A3007047A7 /* Resources */,
			);
			buildRules = (
			);
			dependencies = (
			);
			name = "Find My Friends";
			productName = "Find My Friends";
			productReference = A4FAB6F51AB422A3007047A7 /* Find My Friends.app */;
			productType = "com.apple.product-type.application";
		};
		A4FAB7091AB422A3007047A7 /* Find My FriendsTests */ = {
			isa = PBXNativeTarget;
			buildConfigurationList = A4FAB7171AB422A3007047A7 /* Build configuration list for PBXNativeTarget "Find My FriendsTests" */;
			buildPhases = (
				A4FAB7061AB422A3007047A7 /* Sources */,
				A4FAB7071AB422A3007047A7 /* Frameworks */,
				A4FAB7081AB422A3007047A7 /* Resources */,
			);
			buildRules = (
			);
			dependencies = (
				A4FAB70C1AB422A3007047A7 /* PBXTargetDependency */,
			);
			name = "Find My FriendsTests";
			productName = "Find My FriendsTests";
			productReference = A4FAB70A1AB422A3007047A7 /* Find My FriendsTests.xctest */;
			productType = "com.apple.product-type.bundle.unit-test";
		};
/* End PBXNativeTarget section */

/* Begin PBXProject section */
		A4FAB6ED1AB422A3007047A7 /* Project object */ = {
			isa = PBXProject;
			attributes = {
				LastUpgradeCheck = 0620;
				ORGANIZATIONNAME = "Nam Phong Nguyen";
				TargetAttributes = {
					A4FAB6F41AB422A3007047A7 = {
						CreatedOnToolsVersion = 6.2;
						DevelopmentTeam = 4DT2HC87U8;
					};
					A4FAB7091AB422A3007047A7 = {
						CreatedOnToolsVersion = 6.2;
						TestTargetID = A4FAB6F41AB422A3007047A7;
					};
				};
			};
			buildConfigurationList = A4FAB6F01AB422A3007047A7 /* Build configuration list for PBXProject "Find My Friends" */;
			compatibilityVersion = "Xcode 3.2";
			developmentRegion = English;
			hasScannedForEncodings = 0;
			knownRegions = (
				en,
				Base,
			);
			mainGroup = A4FAB6EC1AB422A3007047A7;
			productRefGroup = A4FAB6F61AB422A3007047A7 /* Products */;
			projectDirPath = "";
			projectRoot = "";
			targets = (
				A4FAB6F41AB422A3007047A7 /* Find My Friends */,
				A4FAB7091AB422A3007047A7 /* Find My FriendsTests */,
			);
		};
/* End PBXProject section */

/* Begin PBXResourcesBuildPhase section */
		A4FAB6F31AB422A3007047A7 /* Resources */ = {
			isa = PBXResourcesBuildPhase;
			buildActionMask = 2147483647;
			files = (
				A4DC84C01AEC875200E08E63 /* menu_logout.png in Resources */,
				D24567CC1AECD00D0020719E /* e_learning.png in Resources */,
				A4DC84BE1AEC875200E08E63 /* menu_event.png in Resources */,
				D24567D31AECD00D0020719E /* e_motorcycle.png in Resources */,
				D24567C51AECD00D0020719E /* e_cinema.png in Resources */,
				D24567C41AECD00D0020719E /* e_camp.png in Resources */,
				D24567D41AECD00D0020719E /* e_movie.png in Resources */,
				A4DC84C11AEC875200E08E63 /* menu_message.png in Resources */,
				D24567E11AECD00D0020719E /* e_sailboat.png in Resources */,
				A4DC84C21AEC875200E08E63 /* menu_notification.png in Resources */,
				A4FAB7001AB422A3007047A7 /* Main.storyboard in Resources */,
				D24567C31AECD00D0020719E /* e_buying.png in Resources */,
				D24567DF1AECD00D0020719E /* e_racingflags.png in Resources */,
				D24567EE1AECDACF0020719E /* e_default.jpg in Resources */,
				D24567E71AECD00D0020719E /* e_skateboard.png in Resources */,
				D24567D11AECD00D0020719E /* e_mic.png in Resources */,
				D24567E51AECD00D0020719E /* e_shoeprints.png in Resources */,
				D24567D91AECD00D0020719E /* e_pencil.png in Resources */,
				A4F1F8C91AE3832C007167D2 /* AddParticipantTableViewCell.xib in Resources */,
				A4DC84DA1AECB7C400E08E63 /* addBtn.png in Resources */,
				D24567DC1AECD00D0020719E /* e_poker.png in Resources */,
				D24567E41AECD00D0020719E /* e_selffie.png in Resources */,
				D24567EC1AECD00D0020719E /* e_unicycle.png in Resources */,
				D24567E21AECD00D0020719E /* e_schooolbus.png in Resources */,
				D24567D01AECD00D0020719E /* e_math.png in Resources */,
				D24567DA1AECD00D0020719E /* e_phuot.png in Resources */,
				D24567C21AECD00D0020719E /* e_bussiness.png in Resources */,
				D24567C91AECD00D0020719E /* e_heart.png in Resources */,
				A4F1F8D31AE3A793007167D2 /* line.png in Resources */,
				D24567CD1AECD00D0020719E /* e_magicwand.png in Resources */,
				D24567CE1AECD00D0020719E /* e_magnifyingglass.png in Resources */,
				A4DC84C31AEC875200E08E63 /* menu_profile.png in Resources */,
				D24567E81AECD00D0020719E /* e_spaceshuttle.png in Resources */,
				D24567E61AECD00D0020719E /* e_shopping.png in Resources */,
				A4DC84D51AEC9A2100E08E63 /* menu.png in Resources */,
				D24567DE1AECD00D0020719E /* e_programming.png in Resources */,
				D24567CB1AECD00D0020719E /* e_hotair.png in Resources */,
				A4EDB5DF1ABE757300CDEB7C /* placeholder9.png in Resources */,
				A4DC84CB1AEC8E3900E08E63 /* userIcon.png in Resources */,
				A4E0DEE51AE8B28C002A7808 /* orange.png in Resources */,
				A4DC84BF1AEC875200E08E63 /* menu_home.png in Resources */,
				D24567D71AECD00D0020719E /* e_paint.png in Resources */,
				D24567CF1AECD00D0020719E /* e_map.png in Resources */,
				D24567C81AECD00D0020719E /* e_gamecomputer.png in Resources */,
				A4E0DEE31AE8B1BC002A7808 /* aqua.png in Resources */,
				A4F1F8CD1AE386C6007167D2 /* UserInvitedTableViewCell.xib in Resources */,
				D24567CA1AECD00D0020719E /* e_helicopter.png in Resources */,
				D24567C11AECD00D0020719E /* e_boat.png in Resources */,
				A49BD5491AB9664A00E23A38 /* LaunchScreen.xib in Resources */,
				D24567DB1AECD00D0020719E /* e_plane.png in Resources */,
				D24567E91AECD00D0020719E /* e_stockmarket.png in Resources */,
				D24567D81AECD00D0020719E /* e_paintcan.png in Resources */,
				D24567D51AECD00D0020719E /* e_music.png in Resources */,
				D24567D21AECD00D0020719E /* e_money.png in Resources */,
				D24567C61AECD00D0020719E /* e_cycle.png in Resources */,
				D24567E01AECD00D0020719E /* e_running.png in Resources */,
				9D3B71BE1ABAD529001DAA86 /* icon-180.png in Resources */,
				D24567EA1AECD00D0020719E /* e_tractor.png in Resources */,
				A4DC84C61AEC8ACE00E08E63 /* menu_support.png in Resources */,
				D24567E31AECD00D0020719E /* e_scooter.png in Resources */,
				9D3B71BC1ABAD486001DAA86 /* kien.jpg in Resources */,
				D22DD3F21AEBF9DB00CECBC2 /* blue.jpg in Resources */,
				D24567C71AECD00D0020719E /* e_game.png in Resources */,
				A4FAB7021AB422A3007047A7 /* Images.xcassets in Resources */,
				D24567EB1AECD00D0020719E /* e_train.png in Resources */,
				A4E2E5B71ABAF36B00A1A745 /* bg.jpg in Resources */,
				D24567D61AECD00D0020719E /* e_news.png in Resources */,
				D24567DD1AECD00D0020719E /* e_present.png in Resources */,
				D24567C01AECD00D0020719E /* e_art.png in Resources */,
			);
			runOnlyForDeploymentPostprocessing = 0;
		};
		A4FAB7081AB422A3007047A7 /* Resources */ = {
			isa = PBXResourcesBuildPhase;
			buildActionMask = 2147483647;
			files = (
			);
			runOnlyForDeploymentPostprocessing = 0;
		};
/* End PBXResourcesBuildPhase section */

/* Begin PBXSourcesBuildPhase section */
		A4FAB6F11AB422A3007047A7 /* Sources */ = {
			isa = PBXSourcesBuildPhase;
			buildActionMask = 2147483647;
			files = (
				A43CD78D1AB6CCF600554A23 /* FriendListViewController.swift in Sources */,
				A4EDB5B91ABD685C00CDEB7C /* EventTableViewController.swift in Sources */,
				A46820921AB86BD3006EAD74 /* ChatMessageTableViewCell.m in Sources */,
				A4F1F8A01AE35DD3007167D2 /* EventImageController.swift in Sources */,
				A4F1F8D91AE3B364007167D2 /* UserTableViewCell.swift in Sources */,
				A48888361AB75660008EBF92 /* FriendListTableViewController.swift in Sources */,
				A49A02731AE13DBC0062A13F /* User.swift in Sources */,
				A4EDB5BB1ABD691B00CDEB7C /* EventTableViewCell.swift in Sources */,
				A4DC84D81AEC9EBE00E08E63 /* Notification.swift in Sources */,
				A4F1F8D11AE388D8007167D2 /* StaticDataTableViewController.m in Sources */,
				A4606B951AB6ED3200AD74B4 /* MapPin.swift in Sources */,
				A48888341AB73FD4008EBF92 /* UsersPaginator.m in Sources */,
				A488882D1AB73BB8008EBF92 /* NMPaginator.m in Sources */,
				A4FAB6FD1AB422A3007047A7 /* ViewController.swift in Sources */,
				A46E91B91AB6A89E00A7BDD9 /* SignupViewController.swift in Sources */,
				A4F1F8D71AE3B2A9007167D2 /* UserListViewController.swift in Sources */,
				A49A02711AE13DA10062A13F /* UserList.swift in Sources */,
				A4EDB5B61ABD599B00CDEB7C /* ProfileTableViewController.swift in Sources */,
				A468208D1AB8666A006EAD74 /* ChatService.m in Sources */,
				A4FAB7371AB42F4A007047A7 /* Util.swift in Sources */,
				A4FAB7211AB4245B007047A7 /* MenuViewController.swift in Sources */,
				A4EDB5DB1ABE748400CDEB7C /* EventDetailTableViewController.swift in Sources */,
				D232C46F1AEB8E5B00A93E42 /* AboutUsController.swift in Sources */,
				A4FA40D11AE6589D009FC257 /* ChatUserViewController.swift in Sources */,
				A4F1F8C81AE3832C007167D2 /* AddParticipantTableViewCell.swift in Sources */,
				A4DC84C91AEC8CA000E08E63 /* EventImage.swift in Sources */,
				A41EB1191ABBF59D001BB355 /* ChatDialogTableViewCell.swift in Sources */,
				A4FAB6FB1AB422A3007047A7 /* AppDelegate.swift in Sources */,
				A4F1F89E1AE34E9D007167D2 /* CreateNewEventTableViewController.swift in Sources */,
				A4FAB7281AB42C10007047A7 /* LoginViewController.swift in Sources */,
				A4FB84971AEB3B1500BD3783 /* SSMPushMessage.m in Sources */,
				D24567911AECCD2F0020719E /* EventCollectionViewCell.swift in Sources */,
				A468208A1AB863B6006EAD74 /* ChatViewController.swift in Sources */,
				A4F1F8A21AE35F04007167D2 /* EventTypeTableViewCell.swift in Sources */,
				A495B6331AB92FD200DF3FA5 /* RootViewController.swift in Sources */,
				A41EB11B1ABBF5C1001BB355 /* ChatDialogTableViewController.swift in Sources */,
				A4FAB71F1AB4237D007047A7 /* SWRevealViewController.m in Sources */,
				A4E2E5B51ABAC08500A1A745 /* CheckinViewController.swift in Sources */,
				A4606B9D1AB70EFB00AD74B4 /* MyCustomAnnotation.swift in Sources */,
				A4FA40D31AE660F1009FC257 /* UserChatCell.swift in Sources */,
				A4606B981AB6EFBD00AD74B4 /* SSLMapPin.m in Sources */,
				A46E91BD1AB6B62A00A7BDD9 /* MBProgressHUD.m in Sources */,
				D232C4711AEB974200A93E42 /* UserMapTableViewCell.swift in Sources */,
				A43CD78A1AB6C9AF00554A23 /* LocalStorageService.m in Sources */,
				A4F1F8CC1AE386C6007167D2 /* UserInvitedTableViewCell.swift in Sources */,
			);
			runOnlyForDeploymentPostprocessing = 0;
		};
		A4FAB7061AB422A3007047A7 /* Sources */ = {
			isa = PBXSourcesBuildPhase;
			buildActionMask = 2147483647;
			files = (
				A4FAB7111AB422A3007047A7 /* Find_My_FriendsTests.swift in Sources */,
			);
			runOnlyForDeploymentPostprocessing = 0;
		};
/* End PBXSourcesBuildPhase section */

/* Begin PBXTargetDependency section */
		A4FAB70C1AB422A3007047A7 /* PBXTargetDependency */ = {
			isa = PBXTargetDependency;
			target = A4FAB6F41AB422A3007047A7 /* Find My Friends */;
			targetProxy = A4FAB70B1AB422A3007047A7 /* PBXContainerItemProxy */;
		};
/* End PBXTargetDependency section */

/* Begin PBXVariantGroup section */
		A4FAB6FE1AB422A3007047A7 /* Main.storyboard */ = {
			isa = PBXVariantGroup;
			children = (
				A4FAB6FF1AB422A3007047A7 /* Base */,
			);
			name = Main.storyboard;
			sourceTree = "<group>";
		};
/* End PBXVariantGroup section */

/* Begin XCBuildConfiguration section */
		A4FAB7121AB422A3007047A7 /* Debug */ = {
			isa = XCBuildConfiguration;
			buildSettings = {
				ALWAYS_SEARCH_USER_PATHS = NO;
				CLANG_CXX_LANGUAGE_STANDARD = "gnu++0x";
				CLANG_CXX_LIBRARY = "libc++";
				CLANG_ENABLE_MODULES = YES;
				CLANG_ENABLE_OBJC_ARC = YES;
				CLANG_WARN_BOOL_CONVERSION = YES;
				CLANG_WARN_CONSTANT_CONVERSION = YES;
				CLANG_WARN_DIRECT_OBJC_ISA_USAGE = YES_ERROR;
				CLANG_WARN_EMPTY_BODY = YES;
				CLANG_WARN_ENUM_CONVERSION = YES;
				CLANG_WARN_INT_CONVERSION = YES;
				CLANG_WARN_OBJC_ROOT_CLASS = YES_ERROR;
				CLANG_WARN_UNREACHABLE_CODE = YES;
				CLANG_WARN__DUPLICATE_METHOD_MATCH = YES;
				"CODE_SIGN_IDENTITY[sdk=iphoneos*]" = "iPhone Developer";
				COPY_PHASE_STRIP = NO;
				ENABLE_STRICT_OBJC_MSGSEND = YES;
				GCC_C_LANGUAGE_STANDARD = gnu99;
				GCC_DYNAMIC_NO_PIC = NO;
				GCC_OPTIMIZATION_LEVEL = 0;
				GCC_PREPROCESSOR_DEFINITIONS = (
					"DEBUG=1",
					"$(inherited)",
				);
				GCC_SYMBOLS_PRIVATE_EXTERN = NO;
				GCC_WARN_64_TO_32_BIT_CONVERSION = YES;
				GCC_WARN_ABOUT_RETURN_TYPE = YES_ERROR;
				GCC_WARN_UNDECLARED_SELECTOR = YES;
				GCC_WARN_UNINITIALIZED_AUTOS = YES_AGGRESSIVE;
				GCC_WARN_UNUSED_FUNCTION = YES;
				GCC_WARN_UNUSED_VARIABLE = YES;
				IPHONEOS_DEPLOYMENT_TARGET = 8.2;
				MTL_ENABLE_DEBUG_INFO = YES;
				ONLY_ACTIVE_ARCH = YES;
				SDKROOT = iphoneos;
				SWIFT_OPTIMIZATION_LEVEL = "-Onone";
			};
			name = Debug;
		};
		A4FAB7131AB422A3007047A7 /* Release */ = {
			isa = XCBuildConfiguration;
			buildSettings = {
				ALWAYS_SEARCH_USER_PATHS = NO;
				CLANG_CXX_LANGUAGE_STANDARD = "gnu++0x";
				CLANG_CXX_LIBRARY = "libc++";
				CLANG_ENABLE_MODULES = YES;
				CLANG_ENABLE_OBJC_ARC = YES;
				CLANG_WARN_BOOL_CONVERSION = YES;
				CLANG_WARN_CONSTANT_CONVERSION = YES;
				CLANG_WARN_DIRECT_OBJC_ISA_USAGE = YES_ERROR;
				CLANG_WARN_EMPTY_BODY = YES;
				CLANG_WARN_ENUM_CONVERSION = YES;
				CLANG_WARN_INT_CONVERSION = YES;
				CLANG_WARN_OBJC_ROOT_CLASS = YES_ERROR;
				CLANG_WARN_UNREACHABLE_CODE = YES;
				CLANG_WARN__DUPLICATE_METHOD_MATCH = YES;
				"CODE_SIGN_IDENTITY[sdk=iphoneos*]" = "iPhone Developer";
				COPY_PHASE_STRIP = NO;
				ENABLE_NS_ASSERTIONS = NO;
				ENABLE_STRICT_OBJC_MSGSEND = YES;
				GCC_C_LANGUAGE_STANDARD = gnu99;
				GCC_WARN_64_TO_32_BIT_CONVERSION = YES;
				GCC_WARN_ABOUT_RETURN_TYPE = YES_ERROR;
				GCC_WARN_UNDECLARED_SELECTOR = YES;
				GCC_WARN_UNINITIALIZED_AUTOS = YES_AGGRESSIVE;
				GCC_WARN_UNUSED_FUNCTION = YES;
				GCC_WARN_UNUSED_VARIABLE = YES;
				IPHONEOS_DEPLOYMENT_TARGET = 8.2;
				MTL_ENABLE_DEBUG_INFO = NO;
				SDKROOT = iphoneos;
				VALIDATE_PRODUCT = YES;
			};
			name = Release;
		};
		A4FAB7151AB422A3007047A7 /* Debug */ = {
			isa = XCBuildConfiguration;
			buildSettings = {
				ASSETCATALOG_COMPILER_APPICON_NAME = AppIcon;
				ASSETCATALOG_COMPILER_LAUNCHIMAGE_NAME = LaunchImage;
				CLANG_ENABLE_MODULES = YES;
				CODE_SIGN_IDENTITY = "iPhone Developer";
				FRAMEWORK_SEARCH_PATHS = (
					"$(inherited)",
					"$(PROJECT_DIR)/Framework",
					Quickblox.framework,
				);
				HEADER_SEARCH_PATHS = (
					"$(inherited)",
					/Applications/Xcode.app/Contents/Developer/Toolchains/XcodeDefault.xctoolchain/usr/include,
					/usr/include/libxml2,
				);
				INFOPLIST_FILE = "Find My Friends/Info.plist";
				IPHONEOS_DEPLOYMENT_TARGET = 7.0;
				LD_RUNPATH_SEARCH_PATHS = "$(inherited) @executable_path/Frameworks";
				LIBRARY_SEARCH_PATHS = "";
				OTHER_LDFLAGS = (
					"-ObjC",
					"-lxml2",
					"-lstdc++",
				);
				PRODUCT_NAME = "$(TARGET_NAME)";
				SWIFT_OBJC_BRIDGING_HEADER = "Find My Friends-Bridging-Header.h";
				SWIFT_OPTIMIZATION_LEVEL = "-Onone";
			};
			name = Debug;
		};
		A4FAB7161AB422A3007047A7 /* Release */ = {
			isa = XCBuildConfiguration;
			buildSettings = {
				ASSETCATALOG_COMPILER_APPICON_NAME = AppIcon;
				ASSETCATALOG_COMPILER_LAUNCHIMAGE_NAME = LaunchImage;
				CLANG_ENABLE_MODULES = YES;
				CODE_SIGN_IDENTITY = "iPhone Developer";
				FRAMEWORK_SEARCH_PATHS = (
					"$(inherited)",
					"$(PROJECT_DIR)/Framework",
					Quickblox.framework,
				);
				HEADER_SEARCH_PATHS = (
					"$(inherited)",
					/Applications/Xcode.app/Contents/Developer/Toolchains/XcodeDefault.xctoolchain/usr/include,
					/usr/include/libxml2,
				);
				INFOPLIST_FILE = "Find My Friends/Info.plist";
				IPHONEOS_DEPLOYMENT_TARGET = 7.0;
				LD_RUNPATH_SEARCH_PATHS = "$(inherited) @executable_path/Frameworks";
				LIBRARY_SEARCH_PATHS = "";
				OTHER_LDFLAGS = (
					"-ObjC",
					"-lxml2",
					"-lstdc++",
				);
				PRODUCT_NAME = "$(TARGET_NAME)";
				SWIFT_OBJC_BRIDGING_HEADER = "Find My Friends-Bridging-Header.h";
			};
			name = Release;
		};
		A4FAB7181AB422A3007047A7 /* Debug */ = {
			isa = XCBuildConfiguration;
			buildSettings = {
				BUNDLE_LOADER = "$(TEST_HOST)";
				FRAMEWORK_SEARCH_PATHS = (
					"$(SDKROOT)/Developer/Library/Frameworks",
					"$(inherited)",
				);
				GCC_PREPROCESSOR_DEFINITIONS = (
					"DEBUG=1",
					"$(inherited)",
				);
				INFOPLIST_FILE = "Find My FriendsTests/Info.plist";
				LD_RUNPATH_SEARCH_PATHS = "$(inherited) @executable_path/Frameworks @loader_path/Frameworks";
				PRODUCT_NAME = "$(TARGET_NAME)";
				TEST_HOST = "$(BUILT_PRODUCTS_DIR)/Find My Friends.app/Find My Friends";
			};
			name = Debug;
		};
		A4FAB7191AB422A3007047A7 /* Release */ = {
			isa = XCBuildConfiguration;
			buildSettings = {
				BUNDLE_LOADER = "$(TEST_HOST)";
				FRAMEWORK_SEARCH_PATHS = (
					"$(SDKROOT)/Developer/Library/Frameworks",
					"$(inherited)",
				);
				INFOPLIST_FILE = "Find My FriendsTests/Info.plist";
				LD_RUNPATH_SEARCH_PATHS = "$(inherited) @executable_path/Frameworks @loader_path/Frameworks";
				PRODUCT_NAME = "$(TARGET_NAME)";
				TEST_HOST = "$(BUILT_PRODUCTS_DIR)/Find My Friends.app/Find My Friends";
			};
			name = Release;
		};
/* End XCBuildConfiguration section */

/* Begin XCConfigurationList section */
		A4FAB6F01AB422A3007047A7 /* Build configuration list for PBXProject "Find My Friends" */ = {
			isa = XCConfigurationList;
			buildConfigurations = (
				A4FAB7121AB422A3007047A7 /* Debug */,
				A4FAB7131AB422A3007047A7 /* Release */,
			);
			defaultConfigurationIsVisible = 0;
			defaultConfigurationName = Release;
		};
		A4FAB7141AB422A3007047A7 /* Build configuration list for PBXNativeTarget "Find My Friends" */ = {
			isa = XCConfigurationList;
			buildConfigurations = (
				A4FAB7151AB422A3007047A7 /* Debug */,
				A4FAB7161AB422A3007047A7 /* Release */,
			);
			defaultConfigurationIsVisible = 0;
			defaultConfigurationName = Release;
		};
		A4FAB7171AB422A3007047A7 /* Build configuration list for PBXNativeTarget "Find My FriendsTests" */ = {
			isa = XCConfigurationList;
			buildConfigurations = (
				A4FAB7181AB422A3007047A7 /* Debug */,
				A4FAB7191AB422A3007047A7 /* Release */,
			);
			defaultConfigurationIsVisible = 0;
			defaultConfigurationName = Release;
		};
/* End XCConfigurationList section */
	};
	rootObject = A4FAB6ED1AB422A3007047A7 /* Project object */;
}
